// !$*UTF8*$!
{
	archiveVersion = 1;
	classes = {
	};
	objectVersion = 46;
	objects = {

/* Begin PBXBuildFile section */
		042AB2D01A6F2F310050BC92 /* ImobileSdkAds.framework in Frameworks */ = {isa = PBXBuildFile; fileRef = 042AB2CA1A6F2F310050BC92 /* ImobileSdkAds.framework */; };
		042AB2D11A6F2F310050BC92 /* libAdapterIMobile.a in Frameworks */ = {isa = PBXBuildFile; fileRef = 042AB2CB1A6F2F310050BC92 /* libAdapterIMobile.a */; };
		042AB2D41A6F30EC0050BC92 /* Social.framework in Frameworks */ = {isa = PBXBuildFile; fileRef = 042AB2D31A6F30EC0050BC92 /* Social.framework */; };
		0802C0871A2976F3000F0136 /* CMBMusicBoxTableViewHeadCell.m in Sources */ = {isa = PBXBuildFile; fileRef = 0802C0861A2976F3000F0136 /* CMBMusicBoxTableViewHeadCell.m */; };
		0803C8E81A2DB77300FE8357 /* CraftedMusicBoxTests-InfoPlist.strings in Resources */ = {isa = PBXBuildFile; fileRef = 0803C8EA1A2DB77300FE8357 /* CraftedMusicBoxTests-InfoPlist.strings */; };
		0820BC1B1A7481CA00E405B3 /* Reachability.m in Sources */ = {isa = PBXBuildFile; fileRef = 0820BC1A1A7481CA00E405B3 /* Reachability.m */; };
		0820BC1E1A7E1C2300E405B3 /* CMBHelpViewController.m in Sources */ = {isa = PBXBuildFile; fileRef = 0820BC1D1A7E1C2300E405B3 /* CMBHelpViewController.m */; };
		0821D7F91A4FA75E0040EF9F /* CMBMusicBoxTableViewFootCell.m in Sources */ = {isa = PBXBuildFile; fileRef = 0821D7F81A4FA75E0040EF9F /* CMBMusicBoxTableViewFootCell.m */; };
		08289E1F1A2EACD800927D51 /* InfoPlist.strings in Resources */ = {isa = PBXBuildFile; fileRef = 0803C8CF1A2D996300FE8357 /* InfoPlist.strings */; };
		08289E201A2EACE200927D51 /* Localizable.strings in Resources */ = {isa = PBXBuildFile; fileRef = 0803C8E51A2DB77200FE8357 /* Localizable.strings */; };
		08289E211A2EAD0100927D51 /* Main.storyboard in Resources */ = {isa = PBXBuildFile; fileRef = 08883AE51956CC6A00F7EB68 /* Main.storyboard */; };
		08289E221A2EAD0F00927D51 /* LaunchScreen.xib in Resources */ = {isa = PBXBuildFile; fileRef = 0803C8C61A2D53A900FE8357 /* LaunchScreen.xib */; };
		086BA16019D0401000991574 /* CMBSongConfigViewController.m in Sources */ = {isa = PBXBuildFile; fileRef = 086BA15F19D0401000991574 /* CMBSongConfigViewController.m */; };
		086BA16319D0FA4E00991574 /* CMBSongManageViewController.m in Sources */ = {isa = PBXBuildFile; fileRef = 086BA16219D0FA4E00991574 /* CMBSongManageViewController.m */; };
		086BA16619D0FDA400991574 /* CMBSongManageTableViewCell.m in Sources */ = {isa = PBXBuildFile; fileRef = 086BA16519D0FDA400991574 /* CMBSongManageTableViewCell.m */; };
		086BA16919D10C4B00991574 /* CMBBaseModalViewController.m in Sources */ = {isa = PBXBuildFile; fileRef = 086BA16819D10C4B00991574 /* CMBBaseModalViewController.m */; };
		086BA16C19D19F5700991574 /* NSMutableDictionary+CMBTools.m in Sources */ = {isa = PBXBuildFile; fileRef = 086BA16B19D19F5700991574 /* NSMutableDictionary+CMBTools.m */; };
		086BA16F19D2BA1B00991574 /* CMBSongHeaderData.m in Sources */ = {isa = PBXBuildFile; fileRef = 086BA16E19D2BA1B00991574 /* CMBSongHeaderData.m */; };
		087D29171A36A14C00BCA9F5 /* CMBAlertController.m in Sources */ = {isa = PBXBuildFile; fileRef = 087D29161A36A14C00BCA9F5 /* CMBAlertController.m */; };
		087D29B51A37FADC00BCA9F5 /* EPSSampler.m in Sources */ = {isa = PBXBuildFile; fileRef = 087D29B21A37FADC00BCA9F5 /* EPSSampler.m */; };
		087D29B61A37FADC00BCA9F5 /* LICENSE in Resources */ = {isa = PBXBuildFile; fileRef = 087D29B31A37FADC00BCA9F5 /* LICENSE */; };
		0883B7271A32979000276868 /* AdSupport.framework in Frameworks */ = {isa = PBXBuildFile; fileRef = 0883B7261A32979000276868 /* AdSupport.framework */; };
		0883B7291A3297B000276868 /* EventKit.framework in Frameworks */ = {isa = PBXBuildFile; fileRef = 0883B7281A3297AF00276868 /* EventKit.framework */; };
		0883B72B1A3297B500276868 /* EventKitUI.framework in Frameworks */ = {isa = PBXBuildFile; fileRef = 0883B72A1A3297B500276868 /* EventKitUI.framework */; };
		0883B72F1A3297C800276868 /* SystemConfiguration.framework in Frameworks */ = {isa = PBXBuildFile; fileRef = 0883B72E1A3297C800276868 /* SystemConfiguration.framework */; };
		08883AD41956CC6A00F7EB68 /* Foundation.framework in Frameworks */ = {isa = PBXBuildFile; fileRef = 08883AD31956CC6A00F7EB68 /* Foundation.framework */; };
		08883AD61956CC6A00F7EB68 /* CoreGraphics.framework in Frameworks */ = {isa = PBXBuildFile; fileRef = 08883AD51956CC6A00F7EB68 /* CoreGraphics.framework */; };
		08883AD81956CC6A00F7EB68 /* UIKit.framework in Frameworks */ = {isa = PBXBuildFile; fileRef = 08883AD71956CC6A00F7EB68 /* UIKit.framework */; };
		08883AE01956CC6A00F7EB68 /* main.m in Sources */ = {isa = PBXBuildFile; fileRef = 08883ADF1956CC6A00F7EB68 /* main.m */; };
		08883AE41956CC6A00F7EB68 /* CMBAppDelegate.m in Sources */ = {isa = PBXBuildFile; fileRef = 08883AE31956CC6A00F7EB68 /* CMBAppDelegate.m */; };
		08883AEF1956CC6A00F7EB68 /* Images.xcassets in Resources */ = {isa = PBXBuildFile; fileRef = 08883AEE1956CC6A00F7EB68 /* Images.xcassets */; };
		08883AF61956CC6A00F7EB68 /* XCTest.framework in Frameworks */ = {isa = PBXBuildFile; fileRef = 08883AF51956CC6A00F7EB68 /* XCTest.framework */; };
		08883AF71956CC6A00F7EB68 /* Foundation.framework in Frameworks */ = {isa = PBXBuildFile; fileRef = 08883AD31956CC6A00F7EB68 /* Foundation.framework */; };
		08883AF81956CC6A00F7EB68 /* UIKit.framework in Frameworks */ = {isa = PBXBuildFile; fileRef = 08883AD71956CC6A00F7EB68 /* UIKit.framework */; };
		08883B021956CC6A00F7EB68 /* CraftedMusicBoxTests.m in Sources */ = {isa = PBXBuildFile; fileRef = 08883B011956CC6A00F7EB68 /* CraftedMusicBoxTests.m */; };
		08883B111956CFEF00F7EB68 /* CMBMusicBoxViewController.m in Sources */ = {isa = PBXBuildFile; fileRef = 08883B101956CFEF00F7EB68 /* CMBMusicBoxViewController.m */; };
		08883B161956D03D00F7EB68 /* CMBTabViewController.m in Sources */ = {isa = PBXBuildFile; fileRef = 08883B131956D03D00F7EB68 /* CMBTabViewController.m */; };
		08883B171956D03D00F7EB68 /* CMBBaseViewController.m in Sources */ = {isa = PBXBuildFile; fileRef = 08883B151956D03D00F7EB68 /* CMBBaseViewController.m */; };
		08883B1C1956D40600F7EB68 /* NSString+CMBTools.m in Sources */ = {isa = PBXBuildFile; fileRef = 08883B1B1956D40600F7EB68 /* NSString+CMBTools.m */; };
		08A52E2B1A38121A008F86C2 /* Sounds in Resources */ = {isa = PBXBuildFile; fileRef = 08A52E2A1A38121A008F86C2 /* Sounds */; };
		08A52E2E1A381232008F86C2 /* MusicBox.aupreset in Resources */ = {isa = PBXBuildFile; fileRef = 08A52E2D1A381232008F86C2 /* MusicBox.aupreset */; };
		08A52E6B1A39C51C008F86C2 /* SVIndefiniteAnimatedView.m in Sources */ = {isa = PBXBuildFile; fileRef = 08A52E661A39C51C008F86C2 /* SVIndefiniteAnimatedView.m */; };
		08A52E6C1A39C51C008F86C2 /* SVProgressHUD.bundle in Resources */ = {isa = PBXBuildFile; fileRef = 08A52E681A39C51C008F86C2 /* SVProgressHUD.bundle */; };
		08A52E6D1A39C51C008F86C2 /* SVProgressHUD.m in Sources */ = {isa = PBXBuildFile; fileRef = 08A52E6A1A39C51C008F86C2 /* SVProgressHUD.m */; };
		08A769D71972992900143638 /* CMBMusicBoxTableViewCell.m in Sources */ = {isa = PBXBuildFile; fileRef = 08A769D61972992900143638 /* CMBMusicBoxTableViewCell.m */; };
		08A769DB1972A82D00143638 /* CMBSequenceOneData.m in Sources */ = {isa = PBXBuildFile; fileRef = 08A769DA1972A82D00143638 /* CMBSequenceOneData.m */; };
		08A769DE1972C93000143638 /* CMBUtility.m in Sources */ = {isa = PBXBuildFile; fileRef = 08A769DD1972C93000143638 /* CMBUtility.m */; };
		08A769E11972CA1900143638 /* CMBNoteData.m in Sources */ = {isa = PBXBuildFile; fileRef = 08A769E01972CA1900143638 /* CMBNoteData.m */; };
		08A769E31972D30900143638 /* CMBUtilityTests.m in Sources */ = {isa = PBXBuildFile; fileRef = 08A769E21972D30900143638 /* CMBUtilityTests.m */; };
		08B66F79198DFCA200376683 /* Accelerate.framework in Frameworks */ = {isa = PBXBuildFile; fileRef = 08B66F78198DFCA200376683 /* Accelerate.framework */; };
		08B66F7B198DFCAD00376683 /* AudioToolbox.framework in Frameworks */ = {isa = PBXBuildFile; fileRef = 08B66F7A198DFCAD00376683 /* AudioToolbox.framework */; };
		08B66F7F198DFCBD00376683 /* AVFoundation.framework in Frameworks */ = {isa = PBXBuildFile; fileRef = 08B66F7E198DFCBD00376683 /* AVFoundation.framework */; };
		08B66F81198DFCC500376683 /* CoreAudio.framework in Frameworks */ = {isa = PBXBuildFile; fileRef = 08B66F80198DFCC500376683 /* CoreAudio.framework */; };
		08BE1EA71A69FD5C00F69579 /* libAdapterNend.a in Frameworks */ = {isa = PBXBuildFile; fileRef = 08BE1E9A1A69FD5C00F69579 /* libAdapterNend.a */; };
		08BE1EA91A69FD5C00F69579 /* libNendAd.a in Frameworks */ = {isa = PBXBuildFile; fileRef = 08BE1E9E1A69FD5C00F69579 /* libNendAd.a */; };
		08BE1EAA1A69FD5D00F69579 /* NADView_readme.txt in Resources */ = {isa = PBXBuildFile; fileRef = 08BE1EA41A69FD5C00F69579 /* NADView_readme.txt */; };
		08BE1ECE1A69FD9600F69579 /* libGoogleAdMobAds.a in Frameworks */ = {isa = PBXBuildFile; fileRef = 08BE1ECC1A69FD9600F69579 /* libGoogleAdMobAds.a */; };
		08BE1ED11A6A046E00F69579 /* Security.framework in Frameworks */ = {isa = PBXBuildFile; fileRef = 08BE1ED01A6A046E00F69579 /* Security.framework */; };
		08BE1ED31A6A047C00F69579 /* ImageIO.framework in Frameworks */ = {isa = PBXBuildFile; fileRef = 08BE1ED21A6A047C00F69579 /* ImageIO.framework */; };
		08C2816E199D112C0037F6D0 /* MusicInfo.plist in Resources */ = {isa = PBXBuildFile; fileRef = 08C2816D199D112C0037F6D0 /* MusicInfo.plist */; };
		08CC5DB519DC240A0049AAD5 /* CMBMusicBoxTableView.m in Sources */ = {isa = PBXBuildFile; fileRef = 08CC5DB419DC240A0049AAD5 /* CMBMusicBoxTableView.m */; };
		08CC5E2119DEADAF0049AAD5 /* UIColor+CMBTools.m in Sources */ = {isa = PBXBuildFile; fileRef = 08CC5E2019DEADAF0049AAD5 /* UIColor+CMBTools.m */; };
		08CC5E6019DFC70C0049AAD5 /* MessageUI.framework in Frameworks */ = {isa = PBXBuildFile; fileRef = 08CC5E5F19DFC70C0049AAD5 /* MessageUI.framework */; };
		08CC5E6619DFD4140049AAD5 /* libBlocksKit.a in Frameworks */ = {isa = PBXBuildFile; fileRef = 08CC5E6519DFD4140049AAD5 /* libBlocksKit.a */; };
		08CC5E6C19E14FF90049AAD5 /* NSURL+CMBTools.m in Sources */ = {isa = PBXBuildFile; fileRef = 08CC5E6B19E14FF90049AAD5 /* NSURL+CMBTools.m */; };
		08CC5E7D19E2C98D0049AAD5 /* CMBSoundManager.m in Sources */ = {isa = PBXBuildFile; fileRef = 08CC5E7C19E2C98D0049AAD5 /* CMBSoundManager.m */; };
		08CC5E8C19E2D19A0049AAD5 /* NSMutableArray+SWUtilityButtons.m in Sources */ = {isa = PBXBuildFile; fileRef = 08CC5E8119E2D19A0049AAD5 /* NSMutableArray+SWUtilityButtons.m */; };
		08CC5E8D19E2D19A0049AAD5 /* SWCellScrollView.m in Sources */ = {isa = PBXBuildFile; fileRef = 08CC5E8319E2D19A0049AAD5 /* SWCellScrollView.m */; };
		08CC5E8E19E2D19A0049AAD5 /* SWLongPressGestureRecognizer.m in Sources */ = {isa = PBXBuildFile; fileRef = 08CC5E8519E2D19A0049AAD5 /* SWLongPressGestureRecognizer.m */; };
		08CC5E8F19E2D19A0049AAD5 /* SWTableViewCell.m in Sources */ = {isa = PBXBuildFile; fileRef = 08CC5E8719E2D19A0049AAD5 /* SWTableViewCell.m */; };
		08CC5E9019E2D19A0049AAD5 /* SWUtilityButtonTapGestureRecognizer.m in Sources */ = {isa = PBXBuildFile; fileRef = 08CC5E8919E2D19A0049AAD5 /* SWUtilityButtonTapGestureRecognizer.m */; };
		08CC5E9119E2D19A0049AAD5 /* SWUtilityButtonView.m in Sources */ = {isa = PBXBuildFile; fileRef = 08CC5E8B19E2D19A0049AAD5 /* SWUtilityButtonView.m */; };
		08DA5C3A19DA500B00966772 /* sp-setofont.ttf in Resources */ = {isa = PBXBuildFile; fileRef = 08DA5C3919DA4AD400966772 /* sp-setofont.ttf */; };
/* End PBXBuildFile section */

/* Begin PBXContainerItemProxy section */
		08883AF91956CC6A00F7EB68 /* PBXContainerItemProxy */ = {
			isa = PBXContainerItemProxy;
			containerPortal = 08883AC81956CC6A00F7EB68 /* Project object */;
			proxyType = 1;
			remoteGlobalIDString = 08883ACF1956CC6A00F7EB68;
			remoteInfo = CraftedMusicBox;
		};
/* End PBXContainerItemProxy section */

/* Begin PBXFileReference section */
		042AB2CA1A6F2F310050BC92 /* ImobileSdkAds.framework */ = {isa = PBXFileReference; lastKnownFileType = wrapper.framework; path = ImobileSdkAds.framework; sourceTree = "<group>"; };
		042AB2CB1A6F2F310050BC92 /* libAdapterIMobile.a */ = {isa = PBXFileReference; lastKnownFileType = archive.ar; path = libAdapterIMobile.a; sourceTree = "<group>"; };
		042AB2CC1A6F2F310050BC92 /* README.txt */ = {isa = PBXFileReference; fileEncoding = 4; lastKnownFileType = text; path = README.txt; sourceTree = "<group>"; };
		042AB2CE1A6F2F310050BC92 /* ImobileSdkAds-Adapter-Bridging-Header.h */ = {isa = PBXFileReference; fileEncoding = 4; lastKnownFileType = sourcecode.c.h; path = "ImobileSdkAds-Adapter-Bridging-Header.h"; sourceTree = "<group>"; };
		042AB2CF1A6F2F310050BC92 /* ImobileSdkAds-Bridging-Header.h */ = {isa = PBXFileReference; fileEncoding = 4; lastKnownFileType = sourcecode.c.h; path = "ImobileSdkAds-Bridging-Header.h"; sourceTree = "<group>"; };
		042AB2D31A6F30EC0050BC92 /* Social.framework */ = {isa = PBXFileReference; lastKnownFileType = wrapper.framework; name = Social.framework; path = System/Library/Frameworks/Social.framework; sourceTree = SDKROOT; };
		0802C0851A2976F3000F0136 /* CMBMusicBoxTableViewHeadCell.h */ = {isa = PBXFileReference; fileEncoding = 4; lastKnownFileType = sourcecode.c.h; name = CMBMusicBoxTableViewHeadCell.h; path = Views/CMBMusicBoxTableViewHeadCell.h; sourceTree = "<group>"; };
		0802C0861A2976F3000F0136 /* CMBMusicBoxTableViewHeadCell.m */ = {isa = PBXFileReference; fileEncoding = 4; lastKnownFileType = sourcecode.c.objc; name = CMBMusicBoxTableViewHeadCell.m; path = Views/CMBMusicBoxTableViewHeadCell.m; sourceTree = "<group>"; };
		0803C8C71A2D53A900FE8357 /* Base */ = {isa = PBXFileReference; lastKnownFileType = file.xib; name = Base; path = Base.lproj/LaunchScreen.xib; sourceTree = "<group>"; };
		0803C8D01A2D996300FE8357 /* Base */ = {isa = PBXFileReference; lastKnownFileType = text.plist.strings; name = Base; path = Base.lproj/InfoPlist.strings; sourceTree = "<group>"; };
		0803C8E91A2DB77300FE8357 /* ja */ = {isa = PBXFileReference; lastKnownFileType = text.plist.strings; name = ja; path = "ja.lproj/CraftedMusicBoxTests-InfoPlist.strings"; sourceTree = "<group>"; };
		0803C8EB1A2DBCB900FE8357 /* Base */ = {isa = PBXFileReference; lastKnownFileType = text.plist.strings; name = Base; path = Base.lproj/Localizable.strings; sourceTree = "<group>"; };
		0820BC191A7481CA00E405B3 /* Reachability.h */ = {isa = PBXFileReference; fileEncoding = 4; lastKnownFileType = sourcecode.c.h; path = Reachability.h; sourceTree = "<group>"; };
		0820BC1A1A7481CA00E405B3 /* Reachability.m */ = {isa = PBXFileReference; fileEncoding = 4; lastKnownFileType = sourcecode.c.objc; path = Reachability.m; sourceTree = "<group>"; };
		0820BC1C1A7E1C2300E405B3 /* CMBHelpViewController.h */ = {isa = PBXFileReference; fileEncoding = 4; lastKnownFileType = sourcecode.c.h; name = CMBHelpViewController.h; path = ViewControllers/CMBHelpViewController.h; sourceTree = "<group>"; };
		0820BC1D1A7E1C2300E405B3 /* CMBHelpViewController.m */ = {isa = PBXFileReference; fileEncoding = 4; lastKnownFileType = sourcecode.c.objc; name = CMBHelpViewController.m; path = ViewControllers/CMBHelpViewController.m; sourceTree = "<group>"; };
		0821D7F71A4FA75E0040EF9F /* CMBMusicBoxTableViewFootCell.h */ = {isa = PBXFileReference; fileEncoding = 4; lastKnownFileType = sourcecode.c.h; name = CMBMusicBoxTableViewFootCell.h; path = Views/CMBMusicBoxTableViewFootCell.h; sourceTree = "<group>"; };
		0821D7F81A4FA75E0040EF9F /* CMBMusicBoxTableViewFootCell.m */ = {isa = PBXFileReference; fileEncoding = 4; lastKnownFileType = sourcecode.c.objc; name = CMBMusicBoxTableViewFootCell.m; path = Views/CMBMusicBoxTableViewFootCell.m; sourceTree = "<group>"; };
		08289E261A2EB02500927D51 /* en */ = {isa = PBXFileReference; lastKnownFileType = text.plist.strings; name = en; path = en.lproj/Main.strings; sourceTree = "<group>"; };
		08289E2D1A2EB08B00927D51 /* en */ = {isa = PBXFileReference; lastKnownFileType = text.plist.strings; name = en; path = en.lproj/LaunchScreen.strings; sourceTree = "<group>"; };
		08289E2E1A2EB08D00927D51 /* ja */ = {isa = PBXFileReference; lastKnownFileType = text.plist.strings; name = ja; path = ja.lproj/LaunchScreen.strings; sourceTree = "<group>"; };
		08289E2F1A2EB09600927D51 /* en */ = {isa = PBXFileReference; lastKnownFileType = text.plist.strings; name = en; path = en.lproj/InfoPlist.strings; sourceTree = "<group>"; };
		08289E301A2EB0A600927D51 /* ja */ = {isa = PBXFileReference; lastKnownFileType = text.plist.strings; name = ja; path = ja.lproj/InfoPlist.strings; sourceTree = "<group>"; };
		08289E311A2EB0B400927D51 /* en */ = {isa = PBXFileReference; lastKnownFileType = text.plist.strings; name = en; path = en.lproj/Localizable.strings; sourceTree = "<group>"; };
		08289E321A2EB0B700927D51 /* ja */ = {isa = PBXFileReference; lastKnownFileType = text.plist.strings; name = ja; path = ja.lproj/Localizable.strings; sourceTree = "<group>"; };
		08289E341A2EB0F100927D51 /* ja */ = {isa = PBXFileReference; lastKnownFileType = text.plist.strings; name = ja; path = ja.lproj/Main.strings; sourceTree = "<group>"; };
		086BA15E19D0401000991574 /* CMBSongConfigViewController.h */ = {isa = PBXFileReference; fileEncoding = 4; lastKnownFileType = sourcecode.c.h; name = CMBSongConfigViewController.h; path = ViewControllers/CMBSongConfigViewController.h; sourceTree = "<group>"; };
		086BA15F19D0401000991574 /* CMBSongConfigViewController.m */ = {isa = PBXFileReference; fileEncoding = 4; lastKnownFileType = sourcecode.c.objc; name = CMBSongConfigViewController.m; path = ViewControllers/CMBSongConfigViewController.m; sourceTree = "<group>"; };
		086BA16119D0FA4E00991574 /* CMBSongManageViewController.h */ = {isa = PBXFileReference; fileEncoding = 4; lastKnownFileType = sourcecode.c.h; name = CMBSongManageViewController.h; path = ViewControllers/CMBSongManageViewController.h; sourceTree = "<group>"; };
		086BA16219D0FA4E00991574 /* CMBSongManageViewController.m */ = {isa = PBXFileReference; fileEncoding = 4; lastKnownFileType = sourcecode.c.objc; name = CMBSongManageViewController.m; path = ViewControllers/CMBSongManageViewController.m; sourceTree = "<group>"; };
		086BA16419D0FDA400991574 /* CMBSongManageTableViewCell.h */ = {isa = PBXFileReference; fileEncoding = 4; lastKnownFileType = sourcecode.c.h; name = CMBSongManageTableViewCell.h; path = Views/CMBSongManageTableViewCell.h; sourceTree = "<group>"; };
		086BA16519D0FDA400991574 /* CMBSongManageTableViewCell.m */ = {isa = PBXFileReference; fileEncoding = 4; lastKnownFileType = sourcecode.c.objc; name = CMBSongManageTableViewCell.m; path = Views/CMBSongManageTableViewCell.m; sourceTree = "<group>"; };
		086BA16719D10C4B00991574 /* CMBBaseModalViewController.h */ = {isa = PBXFileReference; fileEncoding = 4; lastKnownFileType = sourcecode.c.h; name = CMBBaseModalViewController.h; path = ViewControllers/CMBBaseModalViewController.h; sourceTree = "<group>"; };
		086BA16819D10C4B00991574 /* CMBBaseModalViewController.m */ = {isa = PBXFileReference; fileEncoding = 4; lastKnownFileType = sourcecode.c.objc; name = CMBBaseModalViewController.m; path = ViewControllers/CMBBaseModalViewController.m; sourceTree = "<group>"; };
		086BA16A19D19F5700991574 /* NSMutableDictionary+CMBTools.h */ = {isa = PBXFileReference; fileEncoding = 4; lastKnownFileType = sourcecode.c.h; name = "NSMutableDictionary+CMBTools.h"; path = "Utilities/NSMutableDictionary+CMBTools.h"; sourceTree = "<group>"; };
		086BA16B19D19F5700991574 /* NSMutableDictionary+CMBTools.m */ = {isa = PBXFileReference; fileEncoding = 4; lastKnownFileType = sourcecode.c.objc; name = "NSMutableDictionary+CMBTools.m"; path = "Utilities/NSMutableDictionary+CMBTools.m"; sourceTree = "<group>"; };
		086BA16D19D2BA1B00991574 /* CMBSongHeaderData.h */ = {isa = PBXFileReference; fileEncoding = 4; lastKnownFileType = sourcecode.c.h; name = CMBSongHeaderData.h; path = Models/CMBSongHeaderData.h; sourceTree = "<group>"; };
		086BA16E19D2BA1B00991574 /* CMBSongHeaderData.m */ = {isa = PBXFileReference; fileEncoding = 4; lastKnownFileType = sourcecode.c.objc; name = CMBSongHeaderData.m; path = Models/CMBSongHeaderData.m; sourceTree = "<group>"; };
		087D29151A36A14C00BCA9F5 /* CMBAlertController.h */ = {isa = PBXFileReference; fileEncoding = 4; lastKnownFileType = sourcecode.c.h; name = CMBAlertController.h; path = ViewControllers/CMBAlertController.h; sourceTree = "<group>"; };
		087D29161A36A14C00BCA9F5 /* CMBAlertController.m */ = {isa = PBXFileReference; fileEncoding = 4; lastKnownFileType = sourcecode.c.objc; name = CMBAlertController.m; path = ViewControllers/CMBAlertController.m; sourceTree = "<group>"; };
		087D29B11A37FADC00BCA9F5 /* EPSSampler.h */ = {isa = PBXFileReference; fileEncoding = 4; lastKnownFileType = sourcecode.c.h; path = EPSSampler.h; sourceTree = "<group>"; };
		087D29B21A37FADC00BCA9F5 /* EPSSampler.m */ = {isa = PBXFileReference; fileEncoding = 4; lastKnownFileType = sourcecode.c.objc; path = EPSSampler.m; sourceTree = "<group>"; };
		087D29B31A37FADC00BCA9F5 /* LICENSE */ = {isa = PBXFileReference; fileEncoding = 4; lastKnownFileType = text; path = LICENSE; sourceTree = "<group>"; };
		087D29B41A37FADC00BCA9F5 /* README.md */ = {isa = PBXFileReference; fileEncoding = 4; lastKnownFileType = net.daringfireball.markdown; path = README.md; sourceTree = "<group>"; };
		0883B7261A32979000276868 /* AdSupport.framework */ = {isa = PBXFileReference; lastKnownFileType = wrapper.framework; name = AdSupport.framework; path = System/Library/Frameworks/AdSupport.framework; sourceTree = SDKROOT; };
		0883B7281A3297AF00276868 /* EventKit.framework */ = {isa = PBXFileReference; lastKnownFileType = wrapper.framework; name = EventKit.framework; path = System/Library/Frameworks/EventKit.framework; sourceTree = SDKROOT; };
		0883B72A1A3297B500276868 /* EventKitUI.framework */ = {isa = PBXFileReference; lastKnownFileType = wrapper.framework; name = EventKitUI.framework; path = System/Library/Frameworks/EventKitUI.framework; sourceTree = SDKROOT; };
		0883B72E1A3297C800276868 /* SystemConfiguration.framework */ = {isa = PBXFileReference; lastKnownFileType = wrapper.framework; name = SystemConfiguration.framework; path = System/Library/Frameworks/SystemConfiguration.framework; sourceTree = SDKROOT; };
		08883AD01956CC6A00F7EB68 /* CraftedMusicBox.app */ = {isa = PBXFileReference; explicitFileType = wrapper.application; includeInIndex = 0; path = CraftedMusicBox.app; sourceTree = BUILT_PRODUCTS_DIR; };
		08883AD31956CC6A00F7EB68 /* Foundation.framework */ = {isa = PBXFileReference; lastKnownFileType = wrapper.framework; name = Foundation.framework; path = System/Library/Frameworks/Foundation.framework; sourceTree = SDKROOT; };
		08883AD51956CC6A00F7EB68 /* CoreGraphics.framework */ = {isa = PBXFileReference; lastKnownFileType = wrapper.framework; name = CoreGraphics.framework; path = System/Library/Frameworks/CoreGraphics.framework; sourceTree = SDKROOT; };
		08883AD71956CC6A00F7EB68 /* UIKit.framework */ = {isa = PBXFileReference; lastKnownFileType = wrapper.framework; name = UIKit.framework; path = System/Library/Frameworks/UIKit.framework; sourceTree = SDKROOT; };
		08883ADB1956CC6A00F7EB68 /* CraftedMusicBox-Info.plist */ = {isa = PBXFileReference; lastKnownFileType = text.plist.xml; path = "CraftedMusicBox-Info.plist"; sourceTree = "<group>"; };
		08883ADF1956CC6A00F7EB68 /* main.m */ = {isa = PBXFileReference; lastKnownFileType = sourcecode.c.objc; path = main.m; sourceTree = "<group>"; };
		08883AE11956CC6A00F7EB68 /* CraftedMusicBox-Prefix.pch */ = {isa = PBXFileReference; lastKnownFileType = sourcecode.c.h; path = "CraftedMusicBox-Prefix.pch"; sourceTree = "<group>"; };
		08883AE21956CC6A00F7EB68 /* CMBAppDelegate.h */ = {isa = PBXFileReference; lastKnownFileType = sourcecode.c.h; path = CMBAppDelegate.h; sourceTree = "<group>"; };
		08883AE31956CC6A00F7EB68 /* CMBAppDelegate.m */ = {isa = PBXFileReference; lastKnownFileType = sourcecode.c.objc; path = CMBAppDelegate.m; sourceTree = "<group>"; };
		08883AE61956CC6A00F7EB68 /* Base */ = {isa = PBXFileReference; lastKnownFileType = file.storyboard; name = Base; path = Base.lproj/Main.storyboard; sourceTree = "<group>"; };
		08883AEE1956CC6A00F7EB68 /* Images.xcassets */ = {isa = PBXFileReference; lastKnownFileType = folder.assetcatalog; path = Images.xcassets; sourceTree = "<group>"; };
		08883AF41956CC6A00F7EB68 /* CraftedMusicBoxTests.xctest */ = {isa = PBXFileReference; explicitFileType = wrapper.cfbundle; includeInIndex = 0; path = CraftedMusicBoxTests.xctest; sourceTree = BUILT_PRODUCTS_DIR; };
		08883AF51956CC6A00F7EB68 /* XCTest.framework */ = {isa = PBXFileReference; lastKnownFileType = wrapper.framework; name = XCTest.framework; path = Library/Frameworks/XCTest.framework; sourceTree = DEVELOPER_DIR; };
		08883AFD1956CC6A00F7EB68 /* CraftedMusicBoxTests-Info.plist */ = {isa = PBXFileReference; lastKnownFileType = text.plist.xml; path = "CraftedMusicBoxTests-Info.plist"; sourceTree = "<group>"; };
		08883B011956CC6A00F7EB68 /* CraftedMusicBoxTests.m */ = {isa = PBXFileReference; lastKnownFileType = sourcecode.c.objc; path = CraftedMusicBoxTests.m; sourceTree = "<group>"; };
		08883B0F1956CFEF00F7EB68 /* CMBMusicBoxViewController.h */ = {isa = PBXFileReference; fileEncoding = 4; lastKnownFileType = sourcecode.c.h; name = CMBMusicBoxViewController.h; path = ViewControllers/CMBMusicBoxViewController.h; sourceTree = "<group>"; };
		08883B101956CFEF00F7EB68 /* CMBMusicBoxViewController.m */ = {isa = PBXFileReference; fileEncoding = 4; lastKnownFileType = sourcecode.c.objc; name = CMBMusicBoxViewController.m; path = ViewControllers/CMBMusicBoxViewController.m; sourceTree = "<group>"; };
		08883B121956D03D00F7EB68 /* CMBTabViewController.h */ = {isa = PBXFileReference; fileEncoding = 4; lastKnownFileType = sourcecode.c.h; name = CMBTabViewController.h; path = ViewControllers/CMBTabViewController.h; sourceTree = "<group>"; };
		08883B131956D03D00F7EB68 /* CMBTabViewController.m */ = {isa = PBXFileReference; fileEncoding = 4; lastKnownFileType = sourcecode.c.objc; name = CMBTabViewController.m; path = ViewControllers/CMBTabViewController.m; sourceTree = "<group>"; };
		08883B141956D03D00F7EB68 /* CMBBaseViewController.h */ = {isa = PBXFileReference; fileEncoding = 4; lastKnownFileType = sourcecode.c.h; name = CMBBaseViewController.h; path = ViewControllers/CMBBaseViewController.h; sourceTree = "<group>"; };
		08883B151956D03D00F7EB68 /* CMBBaseViewController.m */ = {isa = PBXFileReference; fileEncoding = 4; lastKnownFileType = sourcecode.c.objc; name = CMBBaseViewController.m; path = ViewControllers/CMBBaseViewController.m; sourceTree = "<group>"; };
		08883B1A1956D40600F7EB68 /* NSString+CMBTools.h */ = {isa = PBXFileReference; fileEncoding = 4; lastKnownFileType = sourcecode.c.h; name = "NSString+CMBTools.h"; path = "Utilities/NSString+CMBTools.h"; sourceTree = "<group>"; };
		08883B1B1956D40600F7EB68 /* NSString+CMBTools.m */ = {isa = PBXFileReference; fileEncoding = 4; lastKnownFileType = sourcecode.c.objc; name = "NSString+CMBTools.m"; path = "Utilities/NSString+CMBTools.m"; sourceTree = "<group>"; };
		08A52E2A1A38121A008F86C2 /* Sounds */ = {isa = PBXFileReference; lastKnownFileType = folder; path = Sounds; sourceTree = "<group>"; };
		08A52E2D1A381232008F86C2 /* MusicBox.aupreset */ = {isa = PBXFileReference; fileEncoding = 4; lastKnownFileType = text.xml; path = MusicBox.aupreset; sourceTree = "<group>"; };
		08A52E651A39C51C008F86C2 /* SVIndefiniteAnimatedView.h */ = {isa = PBXFileReference; fileEncoding = 4; lastKnownFileType = sourcecode.c.h; path = SVIndefiniteAnimatedView.h; sourceTree = "<group>"; };
		08A52E661A39C51C008F86C2 /* SVIndefiniteAnimatedView.m */ = {isa = PBXFileReference; fileEncoding = 4; lastKnownFileType = sourcecode.c.objc; path = SVIndefiniteAnimatedView.m; sourceTree = "<group>"; };
		08A52E671A39C51C008F86C2 /* SVProgressHUD-Prefix.pch */ = {isa = PBXFileReference; fileEncoding = 4; lastKnownFileType = sourcecode.c.h; path = "SVProgressHUD-Prefix.pch"; sourceTree = "<group>"; };
		08A52E681A39C51C008F86C2 /* SVProgressHUD.bundle */ = {isa = PBXFileReference; lastKnownFileType = "wrapper.plug-in"; path = SVProgressHUD.bundle; sourceTree = "<group>"; };
		08A52E691A39C51C008F86C2 /* SVProgressHUD.h */ = {isa = PBXFileReference; fileEncoding = 4; lastKnownFileType = sourcecode.c.h; path = SVProgressHUD.h; sourceTree = "<group>"; };
		08A52E6A1A39C51C008F86C2 /* SVProgressHUD.m */ = {isa = PBXFileReference; fileEncoding = 4; lastKnownFileType = sourcecode.c.objc; path = SVProgressHUD.m; sourceTree = "<group>"; };
		08A769D51972992900143638 /* CMBMusicBoxTableViewCell.h */ = {isa = PBXFileReference; fileEncoding = 4; lastKnownFileType = sourcecode.c.h; name = CMBMusicBoxTableViewCell.h; path = Views/CMBMusicBoxTableViewCell.h; sourceTree = "<group>"; };
		08A769D61972992900143638 /* CMBMusicBoxTableViewCell.m */ = {isa = PBXFileReference; fileEncoding = 4; lastKnownFileType = sourcecode.c.objc; name = CMBMusicBoxTableViewCell.m; path = Views/CMBMusicBoxTableViewCell.m; sourceTree = "<group>"; };
		08A769D91972A82D00143638 /* CMBSequenceOneData.h */ = {isa = PBXFileReference; fileEncoding = 4; lastKnownFileType = sourcecode.c.h; name = CMBSequenceOneData.h; path = Models/CMBSequenceOneData.h; sourceTree = "<group>"; };
		08A769DA1972A82D00143638 /* CMBSequenceOneData.m */ = {isa = PBXFileReference; fileEncoding = 4; lastKnownFileType = sourcecode.c.objc; name = CMBSequenceOneData.m; path = Models/CMBSequenceOneData.m; sourceTree = "<group>"; };
		08A769DC1972C93000143638 /* CMBUtility.h */ = {isa = PBXFileReference; fileEncoding = 4; lastKnownFileType = sourcecode.c.h; name = CMBUtility.h; path = Utilities/CMBUtility.h; sourceTree = "<group>"; };
		08A769DD1972C93000143638 /* CMBUtility.m */ = {isa = PBXFileReference; fileEncoding = 4; lastKnownFileType = sourcecode.c.objc; name = CMBUtility.m; path = Utilities/CMBUtility.m; sourceTree = "<group>"; };
		08A769DF1972CA1900143638 /* CMBNoteData.h */ = {isa = PBXFileReference; fileEncoding = 4; lastKnownFileType = sourcecode.c.h; name = CMBNoteData.h; path = Models/CMBNoteData.h; sourceTree = "<group>"; };
		08A769E01972CA1900143638 /* CMBNoteData.m */ = {isa = PBXFileReference; fileEncoding = 4; lastKnownFileType = sourcecode.c.objc; name = CMBNoteData.m; path = Models/CMBNoteData.m; sourceTree = "<group>"; };
		08A769E21972D30900143638 /* CMBUtilityTests.m */ = {isa = PBXFileReference; fileEncoding = 4; lastKnownFileType = sourcecode.c.objc; path = CMBUtilityTests.m; sourceTree = "<group>"; };
		08B66F78198DFCA200376683 /* Accelerate.framework */ = {isa = PBXFileReference; lastKnownFileType = wrapper.framework; name = Accelerate.framework; path = System/Library/Frameworks/Accelerate.framework; sourceTree = SDKROOT; };
		08B66F7A198DFCAD00376683 /* AudioToolbox.framework */ = {isa = PBXFileReference; lastKnownFileType = wrapper.framework; name = AudioToolbox.framework; path = System/Library/Frameworks/AudioToolbox.framework; sourceTree = SDKROOT; };
		08B66F7C198DFCB500376683 /* AudioUnit.framework */ = {isa = PBXFileReference; lastKnownFileType = wrapper.framework; name = AudioUnit.framework; path = System/Library/Frameworks/AudioUnit.framework; sourceTree = SDKROOT; };
		08B66F7E198DFCBD00376683 /* AVFoundation.framework */ = {isa = PBXFileReference; lastKnownFileType = wrapper.framework; name = AVFoundation.framework; path = System/Library/Frameworks/AVFoundation.framework; sourceTree = SDKROOT; };
		08B66F80198DFCC500376683 /* CoreAudio.framework */ = {isa = PBXFileReference; lastKnownFileType = wrapper.framework; name = CoreAudio.framework; path = System/Library/Frameworks/CoreAudio.framework; sourceTree = SDKROOT; };
		08BE1E9A1A69FD5C00F69579 /* libAdapterNend.a */ = {isa = PBXFileReference; lastKnownFileType = archive.ar; path = libAdapterNend.a; sourceTree = "<group>"; };
		08BE1E9B1A69FD5C00F69579 /* libAdapterNend_readme.txt */ = {isa = PBXFileReference; fileEncoding = 4; lastKnownFileType = text; path = libAdapterNend_readme.txt; sourceTree = "<group>"; };
		08BE1E9E1A69FD5C00F69579 /* libNendAd.a */ = {isa = PBXFileReference; lastKnownFileType = archive.ar; path = libNendAd.a; sourceTree = "<group>"; };
		08BE1E9F1A69FD5C00F69579 /* NADIconArrayView.h */ = {isa = PBXFileReference; fileEncoding = 4; lastKnownFileType = sourcecode.c.h; path = NADIconArrayView.h; sourceTree = "<group>"; };
		08BE1EA01A69FD5C00F69579 /* NADIconLoader.h */ = {isa = PBXFileReference; fileEncoding = 4; lastKnownFileType = sourcecode.c.h; path = NADIconLoader.h; sourceTree = "<group>"; };
		08BE1EA11A69FD5C00F69579 /* NADIconView.h */ = {isa = PBXFileReference; fileEncoding = 4; lastKnownFileType = sourcecode.c.h; path = NADIconView.h; sourceTree = "<group>"; };
		08BE1EA21A69FD5C00F69579 /* NADInterstitial.h */ = {isa = PBXFileReference; fileEncoding = 4; lastKnownFileType = sourcecode.c.h; path = NADInterstitial.h; sourceTree = "<group>"; };
		08BE1EA31A69FD5C00F69579 /* NADView.h */ = {isa = PBXFileReference; fileEncoding = 4; lastKnownFileType = sourcecode.c.h; path = NADView.h; sourceTree = "<group>"; };
		08BE1EA41A69FD5C00F69579 /* NADView_readme.txt */ = {isa = PBXFileReference; fileEncoding = 4; lastKnownFileType = text; path = NADView_readme.txt; sourceTree = "<group>"; };
		08BE1EA51A69FD5C00F69579 /* NendAd-Bridging-Header.h */ = {isa = PBXFileReference; fileEncoding = 4; lastKnownFileType = sourcecode.c.h; path = "NendAd-Bridging-Header.h"; sourceTree = "<group>"; };
		08BE1EA61A69FD5C00F69579 /* nendSDKiOS2.5.6_manual.pdf */ = {isa = PBXFileReference; lastKnownFileType = image.pdf; path = nendSDKiOS2.5.6_manual.pdf; sourceTree = "<group>"; };
		08BE1EAF1A69FD9600F69579 /* DFPBannerView.h */ = {isa = PBXFileReference; fileEncoding = 4; lastKnownFileType = sourcecode.c.h; path = DFPBannerView.h; sourceTree = "<group>"; };
		08BE1EB01A69FD9600F69579 /* DFPExtras.h */ = {isa = PBXFileReference; fileEncoding = 4; lastKnownFileType = sourcecode.c.h; path = DFPExtras.h; sourceTree = "<group>"; };
		08BE1EB11A69FD9600F69579 /* DFPInterstitial.h */ = {isa = PBXFileReference; fileEncoding = 4; lastKnownFileType = sourcecode.c.h; path = DFPInterstitial.h; sourceTree = "<group>"; };
		08BE1EB21A69FD9600F69579 /* DFPSwipeableBannerView.h */ = {isa = PBXFileReference; fileEncoding = 4; lastKnownFileType = sourcecode.c.h; path = DFPSwipeableBannerView.h; sourceTree = "<group>"; };
		08BE1EB31A69FD9600F69579 /* GADAdSizeDelegate.h */ = {isa = PBXFileReference; fileEncoding = 4; lastKnownFileType = sourcecode.c.h; path = GADAdSizeDelegate.h; sourceTree = "<group>"; };
		08BE1EB41A69FD9600F69579 /* GADAppEventDelegate.h */ = {isa = PBXFileReference; fileEncoding = 4; lastKnownFileType = sourcecode.c.h; path = GADAppEventDelegate.h; sourceTree = "<group>"; };
		08BE1EB51A69FD9600F69579 /* GADSwipeableBannerViewDelegate.h */ = {isa = PBXFileReference; fileEncoding = 4; lastKnownFileType = sourcecode.c.h; path = GADSwipeableBannerViewDelegate.h; sourceTree = "<group>"; };
		08BE1EB71A69FD9600F69579 /* GADCustomEventBanner.h */ = {isa = PBXFileReference; fileEncoding = 4; lastKnownFileType = sourcecode.c.h; path = GADCustomEventBanner.h; sourceTree = "<group>"; };
		08BE1EB81A69FD9600F69579 /* GADCustomEventBannerDelegate.h */ = {isa = PBXFileReference; fileEncoding = 4; lastKnownFileType = sourcecode.c.h; path = GADCustomEventBannerDelegate.h; sourceTree = "<group>"; };
		08BE1EB91A69FD9600F69579 /* GADCustomEventExtras.h */ = {isa = PBXFileReference; fileEncoding = 4; lastKnownFileType = sourcecode.c.h; path = GADCustomEventExtras.h; sourceTree = "<group>"; };
		08BE1EBA1A69FD9600F69579 /* GADCustomEventInterstitial.h */ = {isa = PBXFileReference; fileEncoding = 4; lastKnownFileType = sourcecode.c.h; path = GADCustomEventInterstitial.h; sourceTree = "<group>"; };
		08BE1EBB1A69FD9600F69579 /* GADCustomEventInterstitialDelegate.h */ = {isa = PBXFileReference; fileEncoding = 4; lastKnownFileType = sourcecode.c.h; path = GADCustomEventInterstitialDelegate.h; sourceTree = "<group>"; };
		08BE1EBC1A69FD9600F69579 /* GADCustomEventRequest.h */ = {isa = PBXFileReference; fileEncoding = 4; lastKnownFileType = sourcecode.c.h; path = GADCustomEventRequest.h; sourceTree = "<group>"; };
		08BE1EBE1A69FD9600F69579 /* GADSearchBannerView.h */ = {isa = PBXFileReference; fileEncoding = 4; lastKnownFileType = sourcecode.c.h; path = GADSearchBannerView.h; sourceTree = "<group>"; };
		08BE1EBF1A69FD9600F69579 /* GADSearchRequest.h */ = {isa = PBXFileReference; fileEncoding = 4; lastKnownFileType = sourcecode.c.h; path = GADSearchRequest.h; sourceTree = "<group>"; };
		08BE1EC01A69FD9600F69579 /* GADAdMobExtras.h */ = {isa = PBXFileReference; fileEncoding = 4; lastKnownFileType = sourcecode.c.h; path = GADAdMobExtras.h; sourceTree = "<group>"; };
		08BE1EC11A69FD9600F69579 /* GADAdNetworkExtras.h */ = {isa = PBXFileReference; fileEncoding = 4; lastKnownFileType = sourcecode.c.h; path = GADAdNetworkExtras.h; sourceTree = "<group>"; };
		08BE1EC21A69FD9600F69579 /* GADAdSize.h */ = {isa = PBXFileReference; fileEncoding = 4; lastKnownFileType = sourcecode.c.h; path = GADAdSize.h; sourceTree = "<group>"; };
		08BE1EC31A69FD9600F69579 /* GADBannerView.h */ = {isa = PBXFileReference; fileEncoding = 4; lastKnownFileType = sourcecode.c.h; path = GADBannerView.h; sourceTree = "<group>"; };
		08BE1EC41A69FD9600F69579 /* GADBannerViewDelegate.h */ = {isa = PBXFileReference; fileEncoding = 4; lastKnownFileType = sourcecode.c.h; path = GADBannerViewDelegate.h; sourceTree = "<group>"; };
		08BE1EC51A69FD9600F69579 /* GADInAppPurchase.h */ = {isa = PBXFileReference; fileEncoding = 4; lastKnownFileType = sourcecode.c.h; path = GADInAppPurchase.h; sourceTree = "<group>"; };
		08BE1EC61A69FD9600F69579 /* GADInAppPurchaseDelegate.h */ = {isa = PBXFileReference; fileEncoding = 4; lastKnownFileType = sourcecode.c.h; path = GADInAppPurchaseDelegate.h; sourceTree = "<group>"; };
		08BE1EC71A69FD9600F69579 /* GADInterstitial.h */ = {isa = PBXFileReference; fileEncoding = 4; lastKnownFileType = sourcecode.c.h; path = GADInterstitial.h; sourceTree = "<group>"; };
		08BE1EC81A69FD9600F69579 /* GADInterstitialDelegate.h */ = {isa = PBXFileReference; fileEncoding = 4; lastKnownFileType = sourcecode.c.h; path = GADInterstitialDelegate.h; sourceTree = "<group>"; };
		08BE1EC91A69FD9600F69579 /* GADModules.h */ = {isa = PBXFileReference; fileEncoding = 4; lastKnownFileType = sourcecode.c.h; path = GADModules.h; sourceTree = "<group>"; };
		08BE1ECA1A69FD9600F69579 /* GADRequest.h */ = {isa = PBXFileReference; fileEncoding = 4; lastKnownFileType = sourcecode.c.h; path = GADRequest.h; sourceTree = "<group>"; };
		08BE1ECB1A69FD9600F69579 /* GADRequestError.h */ = {isa = PBXFileReference; fileEncoding = 4; lastKnownFileType = sourcecode.c.h; path = GADRequestError.h; sourceTree = "<group>"; };
		08BE1ECC1A69FD9600F69579 /* libGoogleAdMobAds.a */ = {isa = PBXFileReference; lastKnownFileType = archive.ar; path = libGoogleAdMobAds.a; sourceTree = "<group>"; };
		08BE1ECD1A69FD9600F69579 /* README.txt */ = {isa = PBXFileReference; fileEncoding = 4; lastKnownFileType = text; path = README.txt; sourceTree = "<group>"; };
		08BE1ED01A6A046E00F69579 /* Security.framework */ = {isa = PBXFileReference; lastKnownFileType = wrapper.framework; name = Security.framework; path = System/Library/Frameworks/Security.framework; sourceTree = SDKROOT; };
		08BE1ED21A6A047C00F69579 /* ImageIO.framework */ = {isa = PBXFileReference; lastKnownFileType = wrapper.framework; name = ImageIO.framework; path = System/Library/Frameworks/ImageIO.framework; sourceTree = SDKROOT; };
		08C2816C199A82820037F6D0 /* CMBDefine.h */ = {isa = PBXFileReference; lastKnownFileType = sourcecode.c.h; path = CMBDefine.h; sourceTree = "<group>"; };
		08C2816D199D112C0037F6D0 /* MusicInfo.plist */ = {isa = PBXFileReference; fileEncoding = 4; lastKnownFileType = text.plist.xml; path = MusicInfo.plist; sourceTree = "<group>"; };
		08CC5DB319DC240A0049AAD5 /* CMBMusicBoxTableView.h */ = {isa = PBXFileReference; fileEncoding = 4; lastKnownFileType = sourcecode.c.h; name = CMBMusicBoxTableView.h; path = Views/CMBMusicBoxTableView.h; sourceTree = "<group>"; };
		08CC5DB419DC240A0049AAD5 /* CMBMusicBoxTableView.m */ = {isa = PBXFileReference; fileEncoding = 4; lastKnownFileType = sourcecode.c.objc; name = CMBMusicBoxTableView.m; path = Views/CMBMusicBoxTableView.m; sourceTree = "<group>"; };
		08CC5E1F19DEADAF0049AAD5 /* UIColor+CMBTools.h */ = {isa = PBXFileReference; fileEncoding = 4; lastKnownFileType = sourcecode.c.h; name = "UIColor+CMBTools.h"; path = "Utilities/UIColor+CMBTools.h"; sourceTree = "<group>"; };
		08CC5E2019DEADAF0049AAD5 /* UIColor+CMBTools.m */ = {isa = PBXFileReference; fileEncoding = 4; lastKnownFileType = sourcecode.c.objc; name = "UIColor+CMBTools.m"; path = "Utilities/UIColor+CMBTools.m"; sourceTree = "<group>"; };
		08CC5E5F19DFC70C0049AAD5 /* MessageUI.framework */ = {isa = PBXFileReference; lastKnownFileType = wrapper.framework; name = MessageUI.framework; path = System/Library/Frameworks/MessageUI.framework; sourceTree = SDKROOT; };
		08CC5E6519DFD4140049AAD5 /* libBlocksKit.a */ = {isa = PBXFileReference; lastKnownFileType = archive.ar; name = libBlocksKit.a; path = Libraries/BlocksKit/libBlocksKit.a; sourceTree = "<group>"; };
		08CC5E6A19E14FF90049AAD5 /* NSURL+CMBTools.h */ = {isa = PBXFileReference; fileEncoding = 4; lastKnownFileType = sourcecode.c.h; name = "NSURL+CMBTools.h"; path = "Utilities/NSURL+CMBTools.h"; sourceTree = "<group>"; };
		08CC5E6B19E14FF90049AAD5 /* NSURL+CMBTools.m */ = {isa = PBXFileReference; fileEncoding = 4; lastKnownFileType = sourcecode.c.objc; name = "NSURL+CMBTools.m"; path = "Utilities/NSURL+CMBTools.m"; sourceTree = "<group>"; };
		08CC5E7B19E2C98D0049AAD5 /* CMBSoundManager.h */ = {isa = PBXFileReference; fileEncoding = 4; lastKnownFileType = sourcecode.c.h; name = CMBSoundManager.h; path = Utilities/CMBSoundManager.h; sourceTree = "<group>"; };
		08CC5E7C19E2C98D0049AAD5 /* CMBSoundManager.m */ = {isa = PBXFileReference; fileEncoding = 4; lastKnownFileType = sourcecode.c.objc; name = CMBSoundManager.m; path = Utilities/CMBSoundManager.m; sourceTree = "<group>"; };
		08CC5E8019E2D19A0049AAD5 /* NSMutableArray+SWUtilityButtons.h */ = {isa = PBXFileReference; fileEncoding = 4; lastKnownFileType = sourcecode.c.h; path = "NSMutableArray+SWUtilityButtons.h"; sourceTree = "<group>"; };
		08CC5E8119E2D19A0049AAD5 /* NSMutableArray+SWUtilityButtons.m */ = {isa = PBXFileReference; fileEncoding = 4; lastKnownFileType = sourcecode.c.objc; path = "NSMutableArray+SWUtilityButtons.m"; sourceTree = "<group>"; };
		08CC5E8219E2D19A0049AAD5 /* SWCellScrollView.h */ = {isa = PBXFileReference; fileEncoding = 4; lastKnownFileType = sourcecode.c.h; path = SWCellScrollView.h; sourceTree = "<group>"; };
		08CC5E8319E2D19A0049AAD5 /* SWCellScrollView.m */ = {isa = PBXFileReference; fileEncoding = 4; lastKnownFileType = sourcecode.c.objc; path = SWCellScrollView.m; sourceTree = "<group>"; };
		08CC5E8419E2D19A0049AAD5 /* SWLongPressGestureRecognizer.h */ = {isa = PBXFileReference; fileEncoding = 4; lastKnownFileType = sourcecode.c.h; path = SWLongPressGestureRecognizer.h; sourceTree = "<group>"; };
		08CC5E8519E2D19A0049AAD5 /* SWLongPressGestureRecognizer.m */ = {isa = PBXFileReference; fileEncoding = 4; lastKnownFileType = sourcecode.c.objc; path = SWLongPressGestureRecognizer.m; sourceTree = "<group>"; };
		08CC5E8619E2D19A0049AAD5 /* SWTableViewCell.h */ = {isa = PBXFileReference; fileEncoding = 4; lastKnownFileType = sourcecode.c.h; path = SWTableViewCell.h; sourceTree = "<group>"; };
		08CC5E8719E2D19A0049AAD5 /* SWTableViewCell.m */ = {isa = PBXFileReference; fileEncoding = 4; lastKnownFileType = sourcecode.c.objc; path = SWTableViewCell.m; sourceTree = "<group>"; };
		08CC5E8819E2D19A0049AAD5 /* SWUtilityButtonTapGestureRecognizer.h */ = {isa = PBXFileReference; fileEncoding = 4; lastKnownFileType = sourcecode.c.h; path = SWUtilityButtonTapGestureRecognizer.h; sourceTree = "<group>"; };
		08CC5E8919E2D19A0049AAD5 /* SWUtilityButtonTapGestureRecognizer.m */ = {isa = PBXFileReference; fileEncoding = 4; lastKnownFileType = sourcecode.c.objc; path = SWUtilityButtonTapGestureRecognizer.m; sourceTree = "<group>"; };
		08CC5E8A19E2D19A0049AAD5 /* SWUtilityButtonView.h */ = {isa = PBXFileReference; fileEncoding = 4; lastKnownFileType = sourcecode.c.h; path = SWUtilityButtonView.h; sourceTree = "<group>"; };
		08CC5E8B19E2D19A0049AAD5 /* SWUtilityButtonView.m */ = {isa = PBXFileReference; fileEncoding = 4; lastKnownFileType = sourcecode.c.objc; path = SWUtilityButtonView.m; sourceTree = "<group>"; };
		08DA5C3919DA4AD400966772 /* sp-setofont.ttf */ = {isa = PBXFileReference; lastKnownFileType = file; path = "sp-setofont.ttf"; sourceTree = "<group>"; };
/* End PBXFileReference section */

/* Begin PBXFrameworksBuildPhase section */
		08883ACD1956CC6A00F7EB68 /* Frameworks */ = {
			isa = PBXFrameworksBuildPhase;
			buildActionMask = 2147483647;
			files = (
				042AB2D41A6F30EC0050BC92 /* Social.framework in Frameworks */,
				042AB2D01A6F2F310050BC92 /* ImobileSdkAds.framework in Frameworks */,
				08BE1ED31A6A047C00F69579 /* ImageIO.framework in Frameworks */,
				08BE1ED11A6A046E00F69579 /* Security.framework in Frameworks */,
				08CC5E6619DFD4140049AAD5 /* libBlocksKit.a in Frameworks */,
				08BE1ECE1A69FD9600F69579 /* libGoogleAdMobAds.a in Frameworks */,
				0883B72F1A3297C800276868 /* SystemConfiguration.framework in Frameworks */,
				08BE1EA71A69FD5C00F69579 /* libAdapterNend.a in Frameworks */,
				0883B72B1A3297B500276868 /* EventKitUI.framework in Frameworks */,
				0883B7291A3297B000276868 /* EventKit.framework in Frameworks */,
				0883B7271A32979000276868 /* AdSupport.framework in Frameworks */,
				08CC5E6019DFC70C0049AAD5 /* MessageUI.framework in Frameworks */,
				08883AD61956CC6A00F7EB68 /* CoreGraphics.framework in Frameworks */,
				08B66F81198DFCC500376683 /* CoreAudio.framework in Frameworks */,
				08B66F7B198DFCAD00376683 /* AudioToolbox.framework in Frameworks */,
				08B66F7F198DFCBD00376683 /* AVFoundation.framework in Frameworks */,
				08BE1EA91A69FD5C00F69579 /* libNendAd.a in Frameworks */,
				08B66F79198DFCA200376683 /* Accelerate.framework in Frameworks */,
				08883AD81956CC6A00F7EB68 /* UIKit.framework in Frameworks */,
				08883AD41956CC6A00F7EB68 /* Foundation.framework in Frameworks */,
				042AB2D11A6F2F310050BC92 /* libAdapterIMobile.a in Frameworks */,
			);
			runOnlyForDeploymentPostprocessing = 0;
		};
		08883AF11956CC6A00F7EB68 /* Frameworks */ = {
			isa = PBXFrameworksBuildPhase;
			buildActionMask = 2147483647;
			files = (
				08883AF61956CC6A00F7EB68 /* XCTest.framework in Frameworks */,
				08883AF81956CC6A00F7EB68 /* UIKit.framework in Frameworks */,
				08883AF71956CC6A00F7EB68 /* Foundation.framework in Frameworks */,
			);
			runOnlyForDeploymentPostprocessing = 0;
		};
/* End PBXFrameworksBuildPhase section */

/* Begin PBXGroup section */
		042AB2C81A6F2F310050BC92 /* imobile_for_SP_app_iOS_SDK */ = {
			isa = PBXGroup;
			children = (
				042AB2C91A6F2F310050BC92 /* lib */,
				042AB2CC1A6F2F310050BC92 /* README.txt */,
				042AB2CD1A6F2F310050BC92 /* Swift */,
			);
			name = imobile_for_SP_app_iOS_SDK;
			path = Libraries/imobile_for_SP_app_iOS_SDK;
			sourceTree = "<group>";
		};
		042AB2C91A6F2F310050BC92 /* lib */ = {
			isa = PBXGroup;
			children = (
				042AB2CA1A6F2F310050BC92 /* ImobileSdkAds.framework */,
				042AB2CB1A6F2F310050BC92 /* libAdapterIMobile.a */,
			);
			path = lib;
			sourceTree = "<group>";
		};
		042AB2CD1A6F2F310050BC92 /* Swift */ = {
			isa = PBXGroup;
			children = (
				042AB2CE1A6F2F310050BC92 /* ImobileSdkAds-Adapter-Bridging-Header.h */,
				042AB2CF1A6F2F310050BC92 /* ImobileSdkAds-Bridging-Header.h */,
			);
			path = Swift;
			sourceTree = "<group>";
		};
		0820BC181A7481CA00E405B3 /* Reachability */ = {
			isa = PBXGroup;
			children = (
				0820BC191A7481CA00E405B3 /* Reachability.h */,
				0820BC1A1A7481CA00E405B3 /* Reachability.m */,
			);
			name = Reachability;
			path = Libraries/Reachability;
			sourceTree = "<group>";
		};
		087D29B01A37FADC00BCA9F5 /* EPSSampler */ = {
			isa = PBXGroup;
			children = (
				087D29B11A37FADC00BCA9F5 /* EPSSampler.h */,
				087D29B21A37FADC00BCA9F5 /* EPSSampler.m */,
				087D29B31A37FADC00BCA9F5 /* LICENSE */,
				087D29B41A37FADC00BCA9F5 /* README.md */,
			);
			name = EPSSampler;
			path = Libraries/EPSSampler;
			sourceTree = "<group>";
		};
		08883AC71956CC6A00F7EB68 = {
			isa = PBXGroup;
			children = (
				08883AD91956CC6A00F7EB68 /* CraftedMusicBox */,
				08883AFB1956CC6A00F7EB68 /* CraftedMusicBoxTests */,
				08B66F6A198DFBDC00376683 /* Libraries */,
				08883AD21956CC6A00F7EB68 /* Frameworks */,
				08883AD11956CC6A00F7EB68 /* Products */,
			);
			sourceTree = "<group>";
		};
		08883AD11956CC6A00F7EB68 /* Products */ = {
			isa = PBXGroup;
			children = (
				08883AD01956CC6A00F7EB68 /* CraftedMusicBox.app */,
				08883AF41956CC6A00F7EB68 /* CraftedMusicBoxTests.xctest */,
			);
			name = Products;
			sourceTree = "<group>";
		};
		08883AD21956CC6A00F7EB68 /* Frameworks */ = {
			isa = PBXGroup;
			children = (
				042AB2D31A6F30EC0050BC92 /* Social.framework */,
				08BE1ED21A6A047C00F69579 /* ImageIO.framework */,
				08BE1ED01A6A046E00F69579 /* Security.framework */,
				0883B72E1A3297C800276868 /* SystemConfiguration.framework */,
				0883B72A1A3297B500276868 /* EventKitUI.framework */,
				0883B7281A3297AF00276868 /* EventKit.framework */,
				0883B7261A32979000276868 /* AdSupport.framework */,
				08CC5E6519DFD4140049AAD5 /* libBlocksKit.a */,
				08CC5E5F19DFC70C0049AAD5 /* MessageUI.framework */,
				08B66F80198DFCC500376683 /* CoreAudio.framework */,
				08B66F7E198DFCBD00376683 /* AVFoundation.framework */,
				08B66F7C198DFCB500376683 /* AudioUnit.framework */,
				08B66F7A198DFCAD00376683 /* AudioToolbox.framework */,
				08B66F78198DFCA200376683 /* Accelerate.framework */,
				08883AD31956CC6A00F7EB68 /* Foundation.framework */,
				08883AD51956CC6A00F7EB68 /* CoreGraphics.framework */,
				08883AD71956CC6A00F7EB68 /* UIKit.framework */,
				08883AF51956CC6A00F7EB68 /* XCTest.framework */,
			);
			name = Frameworks;
			sourceTree = "<group>";
		};
		08883AD91956CC6A00F7EB68 /* CraftedMusicBox */ = {
			isa = PBXGroup;
			children = (
				08883B0E1956CF1600F7EB68 /* ViewControllers */,
				08A769D21969096F00143638 /* Views */,
				08A769D81972A7EF00143638 /* Models */,
				08883B191956D3E300F7EB68 /* Utilities */,
				08883AE21956CC6A00F7EB68 /* CMBAppDelegate.h */,
				08883AE31956CC6A00F7EB68 /* CMBAppDelegate.m */,
				08883AE51956CC6A00F7EB68 /* Main.storyboard */,
				0803C8C61A2D53A900FE8357 /* LaunchScreen.xib */,
				08883AEE1956CC6A00F7EB68 /* Images.xcassets */,
				08A52E2A1A38121A008F86C2 /* Sounds */,
				08883ADA1956CC6A00F7EB68 /* Supporting Files */,
			);
			path = CraftedMusicBox;
			sourceTree = "<group>";
		};
		08883ADA1956CC6A00F7EB68 /* Supporting Files */ = {
			isa = PBXGroup;
			children = (
				08A52E2C1A381232008F86C2 /* AUPresets */,
				08883ADB1956CC6A00F7EB68 /* CraftedMusicBox-Info.plist */,
				0803C8CF1A2D996300FE8357 /* InfoPlist.strings */,
				0803C8E51A2DB77200FE8357 /* Localizable.strings */,
				08883ADF1956CC6A00F7EB68 /* main.m */,
				08883AE11956CC6A00F7EB68 /* CraftedMusicBox-Prefix.pch */,
				08C2816C199A82820037F6D0 /* CMBDefine.h */,
				08C2816D199D112C0037F6D0 /* MusicInfo.plist */,
				08DA5C3919DA4AD400966772 /* sp-setofont.ttf */,
			);
			name = "Supporting Files";
			sourceTree = "<group>";
		};
		08883AFB1956CC6A00F7EB68 /* CraftedMusicBoxTests */ = {
			isa = PBXGroup;
			children = (
				08883B011956CC6A00F7EB68 /* CraftedMusicBoxTests.m */,
				08A769E21972D30900143638 /* CMBUtilityTests.m */,
				08883AFC1956CC6A00F7EB68 /* Supporting Files */,
			);
			path = CraftedMusicBoxTests;
			sourceTree = "<group>";
		};
		08883AFC1956CC6A00F7EB68 /* Supporting Files */ = {
			isa = PBXGroup;
			children = (
				0803C8EA1A2DB77300FE8357 /* CraftedMusicBoxTests-InfoPlist.strings */,
				08883AFD1956CC6A00F7EB68 /* CraftedMusicBoxTests-Info.plist */,
			);
			name = "Supporting Files";
			sourceTree = "<group>";
		};
		08883B0E1956CF1600F7EB68 /* ViewControllers */ = {
			isa = PBXGroup;
			children = (
				08883B121956D03D00F7EB68 /* CMBTabViewController.h */,
				08883B131956D03D00F7EB68 /* CMBTabViewController.m */,
				08883B141956D03D00F7EB68 /* CMBBaseViewController.h */,
				08883B151956D03D00F7EB68 /* CMBBaseViewController.m */,
				086BA16719D10C4B00991574 /* CMBBaseModalViewController.h */,
				086BA16819D10C4B00991574 /* CMBBaseModalViewController.m */,
				08883B0F1956CFEF00F7EB68 /* CMBMusicBoxViewController.h */,
				08883B101956CFEF00F7EB68 /* CMBMusicBoxViewController.m */,
				086BA15E19D0401000991574 /* CMBSongConfigViewController.h */,
				086BA15F19D0401000991574 /* CMBSongConfigViewController.m */,
				086BA16119D0FA4E00991574 /* CMBSongManageViewController.h */,
				086BA16219D0FA4E00991574 /* CMBSongManageViewController.m */,
				087D29151A36A14C00BCA9F5 /* CMBAlertController.h */,
				087D29161A36A14C00BCA9F5 /* CMBAlertController.m */,
				0820BC1C1A7E1C2300E405B3 /* CMBHelpViewController.h */,
				0820BC1D1A7E1C2300E405B3 /* CMBHelpViewController.m */,
			);
			name = ViewControllers;
			sourceTree = "<group>";
		};
		08883B191956D3E300F7EB68 /* Utilities */ = {
			isa = PBXGroup;
			children = (
				08A769DC1972C93000143638 /* CMBUtility.h */,
				08A769DD1972C93000143638 /* CMBUtility.m */,
				08CC5E7B19E2C98D0049AAD5 /* CMBSoundManager.h */,
				08CC5E7C19E2C98D0049AAD5 /* CMBSoundManager.m */,
				08883B1A1956D40600F7EB68 /* NSString+CMBTools.h */,
				08883B1B1956D40600F7EB68 /* NSString+CMBTools.m */,
				086BA16A19D19F5700991574 /* NSMutableDictionary+CMBTools.h */,
				086BA16B19D19F5700991574 /* NSMutableDictionary+CMBTools.m */,
				08CC5E1F19DEADAF0049AAD5 /* UIColor+CMBTools.h */,
				08CC5E2019DEADAF0049AAD5 /* UIColor+CMBTools.m */,
				08CC5E6A19E14FF90049AAD5 /* NSURL+CMBTools.h */,
				08CC5E6B19E14FF90049AAD5 /* NSURL+CMBTools.m */,
			);
			name = Utilities;
			sourceTree = "<group>";
		};
		08A52E2C1A381232008F86C2 /* AUPresets */ = {
			isa = PBXGroup;
			children = (
				08A52E2D1A381232008F86C2 /* MusicBox.aupreset */,
			);
			path = AUPresets;
			sourceTree = "<group>";
		};
		08A52E641A39C51C008F86C2 /* SVProgressHUD */ = {
			isa = PBXGroup;
			children = (
				08A52E651A39C51C008F86C2 /* SVIndefiniteAnimatedView.h */,
				08A52E661A39C51C008F86C2 /* SVIndefiniteAnimatedView.m */,
				08A52E671A39C51C008F86C2 /* SVProgressHUD-Prefix.pch */,
				08A52E681A39C51C008F86C2 /* SVProgressHUD.bundle */,
				08A52E691A39C51C008F86C2 /* SVProgressHUD.h */,
				08A52E6A1A39C51C008F86C2 /* SVProgressHUD.m */,
			);
			name = SVProgressHUD;
			path = Libraries/SVProgressHUD;
			sourceTree = "<group>";
		};
		08A769D21969096F00143638 /* Views */ = {
			isa = PBXGroup;
			children = (
				08CC5DB319DC240A0049AAD5 /* CMBMusicBoxTableView.h */,
				08CC5DB419DC240A0049AAD5 /* CMBMusicBoxTableView.m */,
				08A769D51972992900143638 /* CMBMusicBoxTableViewCell.h */,
				08A769D61972992900143638 /* CMBMusicBoxTableViewCell.m */,
				0802C0851A2976F3000F0136 /* CMBMusicBoxTableViewHeadCell.h */,
				0802C0861A2976F3000F0136 /* CMBMusicBoxTableViewHeadCell.m */,
				0821D7F71A4FA75E0040EF9F /* CMBMusicBoxTableViewFootCell.h */,
				0821D7F81A4FA75E0040EF9F /* CMBMusicBoxTableViewFootCell.m */,
				086BA16419D0FDA400991574 /* CMBSongManageTableViewCell.h */,
				086BA16519D0FDA400991574 /* CMBSongManageTableViewCell.m */,
			);
			name = Views;
			sourceTree = "<group>";
		};
		08A769D81972A7EF00143638 /* Models */ = {
			isa = PBXGroup;
			children = (
				08A769D91972A82D00143638 /* CMBSequenceOneData.h */,
				08A769DA1972A82D00143638 /* CMBSequenceOneData.m */,
				08A769DF1972CA1900143638 /* CMBNoteData.h */,
				08A769E01972CA1900143638 /* CMBNoteData.m */,
				086BA16D19D2BA1B00991574 /* CMBSongHeaderData.h */,
				086BA16E19D2BA1B00991574 /* CMBSongHeaderData.m */,
			);
			name = Models;
			sourceTree = "<group>";
		};
		08B66F6A198DFBDC00376683 /* Libraries */ = {
			isa = PBXGroup;
			children = (
				0820BC181A7481CA00E405B3 /* Reachability */,
				08BE1EAC1A69FD9600F69579 /* GoogleMobileAdsSdkiOS */,
				08BE1E981A69FD5C00F69579 /* NendSDK_iOS */,
				042AB2C81A6F2F310050BC92 /* imobile_for_SP_app_iOS_SDK */,
				08A52E641A39C51C008F86C2 /* SVProgressHUD */,
				087D29B01A37FADC00BCA9F5 /* EPSSampler */,
				08CC5E7E19E2D19A0049AAD5 /* SWTableViewCell */,
			);
			name = Libraries;
			sourceTree = "<group>";
		};
		08BE1E981A69FD5C00F69579 /* NendSDK_iOS */ = {
			isa = PBXGroup;
			children = (
				08BE1E991A69FD5C00F69579 /* AdMobMediationAdapter */,
				08BE1E9C1A69FD5C00F69579 /* Nend */,
			);
			name = NendSDK_iOS;
			path = Libraries/NendSDK_iOS;
			sourceTree = "<group>";
		};
		08BE1E991A69FD5C00F69579 /* AdMobMediationAdapter */ = {
			isa = PBXGroup;
			children = (
				08BE1E9A1A69FD5C00F69579 /* libAdapterNend.a */,
				08BE1E9B1A69FD5C00F69579 /* libAdapterNend_readme.txt */,
			);
			path = AdMobMediationAdapter;
			sourceTree = "<group>";
		};
		08BE1E9C1A69FD5C00F69579 /* Nend */ = {
			isa = PBXGroup;
			children = (
				08BE1E9D1A69FD5C00F69579 /* NendAd */,
				08BE1EA51A69FD5C00F69579 /* NendAd-Bridging-Header.h */,
				08BE1EA61A69FD5C00F69579 /* nendSDKiOS2.5.6_manual.pdf */,
			);
			path = Nend;
			sourceTree = "<group>";
		};
		08BE1E9D1A69FD5C00F69579 /* NendAd */ = {
			isa = PBXGroup;
			children = (
				08BE1E9E1A69FD5C00F69579 /* libNendAd.a */,
				08BE1E9F1A69FD5C00F69579 /* NADIconArrayView.h */,
				08BE1EA01A69FD5C00F69579 /* NADIconLoader.h */,
				08BE1EA11A69FD5C00F69579 /* NADIconView.h */,
				08BE1EA21A69FD5C00F69579 /* NADInterstitial.h */,
				08BE1EA31A69FD5C00F69579 /* NADView.h */,
				08BE1EA41A69FD5C00F69579 /* NADView_readme.txt */,
			);
			path = NendAd;
			sourceTree = "<group>";
		};
		08BE1EAC1A69FD9600F69579 /* GoogleMobileAdsSdkiOS */ = {
			isa = PBXGroup;
			children = (
				08BE1EAD1A69FD9600F69579 /* Add-ons */,
				08BE1EC01A69FD9600F69579 /* GADAdMobExtras.h */,
				08BE1EC11A69FD9600F69579 /* GADAdNetworkExtras.h */,
				08BE1EC21A69FD9600F69579 /* GADAdSize.h */,
				08BE1EC31A69FD9600F69579 /* GADBannerView.h */,
				08BE1EC41A69FD9600F69579 /* GADBannerViewDelegate.h */,
				08BE1EC51A69FD9600F69579 /* GADInAppPurchase.h */,
				08BE1EC61A69FD9600F69579 /* GADInAppPurchaseDelegate.h */,
				08BE1EC71A69FD9600F69579 /* GADInterstitial.h */,
				08BE1EC81A69FD9600F69579 /* GADInterstitialDelegate.h */,
				08BE1EC91A69FD9600F69579 /* GADModules.h */,
				08BE1ECA1A69FD9600F69579 /* GADRequest.h */,
				08BE1ECB1A69FD9600F69579 /* GADRequestError.h */,
				08BE1ECC1A69FD9600F69579 /* libGoogleAdMobAds.a */,
				08BE1ECD1A69FD9600F69579 /* README.txt */,
			);
			name = GoogleMobileAdsSdkiOS;
			path = Libraries/GoogleMobileAdsSdkiOS;
			sourceTree = "<group>";
		};
		08BE1EAD1A69FD9600F69579 /* Add-ons */ = {
			isa = PBXGroup;
			children = (
				08BE1EAE1A69FD9600F69579 /* DoubleClick */,
				08BE1EB61A69FD9600F69579 /* Mediation */,
				08BE1EBD1A69FD9600F69579 /* Search */,
			);
			path = "Add-ons";
			sourceTree = "<group>";
		};
		08BE1EAE1A69FD9600F69579 /* DoubleClick */ = {
			isa = PBXGroup;
			children = (
				08BE1EAF1A69FD9600F69579 /* DFPBannerView.h */,
				08BE1EB01A69FD9600F69579 /* DFPExtras.h */,
				08BE1EB11A69FD9600F69579 /* DFPInterstitial.h */,
				08BE1EB21A69FD9600F69579 /* DFPSwipeableBannerView.h */,
				08BE1EB31A69FD9600F69579 /* GADAdSizeDelegate.h */,
				08BE1EB41A69FD9600F69579 /* GADAppEventDelegate.h */,
				08BE1EB51A69FD9600F69579 /* GADSwipeableBannerViewDelegate.h */,
			);
			path = DoubleClick;
			sourceTree = "<group>";
		};
		08BE1EB61A69FD9600F69579 /* Mediation */ = {
			isa = PBXGroup;
			children = (
				08BE1EB71A69FD9600F69579 /* GADCustomEventBanner.h */,
				08BE1EB81A69FD9600F69579 /* GADCustomEventBannerDelegate.h */,
				08BE1EB91A69FD9600F69579 /* GADCustomEventExtras.h */,
				08BE1EBA1A69FD9600F69579 /* GADCustomEventInterstitial.h */,
				08BE1EBB1A69FD9600F69579 /* GADCustomEventInterstitialDelegate.h */,
				08BE1EBC1A69FD9600F69579 /* GADCustomEventRequest.h */,
			);
			path = Mediation;
			sourceTree = "<group>";
		};
		08BE1EBD1A69FD9600F69579 /* Search */ = {
			isa = PBXGroup;
			children = (
				08BE1EBE1A69FD9600F69579 /* GADSearchBannerView.h */,
				08BE1EBF1A69FD9600F69579 /* GADSearchRequest.h */,
			);
			path = Search;
			sourceTree = "<group>";
		};
		08CC5E7E19E2D19A0049AAD5 /* SWTableViewCell */ = {
			isa = PBXGroup;
			children = (
				08CC5E7F19E2D19A0049AAD5 /* PodFiles */,
			);
			name = SWTableViewCell;
			path = Libraries/SWTableViewCell;
			sourceTree = "<group>";
		};
		08CC5E7F19E2D19A0049AAD5 /* PodFiles */ = {
			isa = PBXGroup;
			children = (
				08CC5E8019E2D19A0049AAD5 /* NSMutableArray+SWUtilityButtons.h */,
				08CC5E8119E2D19A0049AAD5 /* NSMutableArray+SWUtilityButtons.m */,
				08CC5E8219E2D19A0049AAD5 /* SWCellScrollView.h */,
				08CC5E8319E2D19A0049AAD5 /* SWCellScrollView.m */,
				08CC5E8419E2D19A0049AAD5 /* SWLongPressGestureRecognizer.h */,
				08CC5E8519E2D19A0049AAD5 /* SWLongPressGestureRecognizer.m */,
				08CC5E8619E2D19A0049AAD5 /* SWTableViewCell.h */,
				08CC5E8719E2D19A0049AAD5 /* SWTableViewCell.m */,
				08CC5E8819E2D19A0049AAD5 /* SWUtilityButtonTapGestureRecognizer.h */,
				08CC5E8919E2D19A0049AAD5 /* SWUtilityButtonTapGestureRecognizer.m */,
				08CC5E8A19E2D19A0049AAD5 /* SWUtilityButtonView.h */,
				08CC5E8B19E2D19A0049AAD5 /* SWUtilityButtonView.m */,
			);
			path = PodFiles;
			sourceTree = "<group>";
		};
/* End PBXGroup section */

/* Begin PBXNativeTarget section */
		08883ACF1956CC6A00F7EB68 /* CraftedMusicBox */ = {
			isa = PBXNativeTarget;
			buildConfigurationList = 08883B051956CC6A00F7EB68 /* Build configuration list for PBXNativeTarget "CraftedMusicBox" */;
			buildPhases = (
				08883ACC1956CC6A00F7EB68 /* Sources */,
				08883ACD1956CC6A00F7EB68 /* Frameworks */,
				08883ACE1956CC6A00F7EB68 /* Resources */,
			);
			buildRules = (
			);
			dependencies = (
			);
			name = CraftedMusicBox;
			productName = CraftedMusicBox;
			productReference = 08883AD01956CC6A00F7EB68 /* CraftedMusicBox.app */;
			productType = "com.apple.product-type.application";
		};
		08883AF31956CC6A00F7EB68 /* CraftedMusicBoxTests */ = {
			isa = PBXNativeTarget;
			buildConfigurationList = 08883B081956CC6A00F7EB68 /* Build configuration list for PBXNativeTarget "CraftedMusicBoxTests" */;
			buildPhases = (
				08883AF01956CC6A00F7EB68 /* Sources */,
				08883AF11956CC6A00F7EB68 /* Frameworks */,
				08883AF21956CC6A00F7EB68 /* Resources */,
			);
			buildRules = (
			);
			dependencies = (
				08883AFA1956CC6A00F7EB68 /* PBXTargetDependency */,
			);
			name = CraftedMusicBoxTests;
			productName = CraftedMusicBoxTests;
			productReference = 08883AF41956CC6A00F7EB68 /* CraftedMusicBoxTests.xctest */;
			productType = "com.apple.product-type.bundle.unit-test";
		};
/* End PBXNativeTarget section */

/* Begin PBXProject section */
		08883AC81956CC6A00F7EB68 /* Project object */ = {
			isa = PBXProject;
			attributes = {
				CLASSPREFIX = CMB;
				LastUpgradeCheck = 0510;
				ORGANIZATIONNAME = hidetaka.f.matsumoto;
				TargetAttributes = {
					08883ACF1956CC6A00F7EB68 = {
						DevelopmentTeam = 7JDKPK4524;
						SystemCapabilities = {
							com.apple.InAppPurchase = {
								enabled = 0;
							};
						};
					};
					08883AF31956CC6A00F7EB68 = {
						TestTargetID = 08883ACF1956CC6A00F7EB68;
					};
				};
			};
			buildConfigurationList = 08883ACB1956CC6A00F7EB68 /* Build configuration list for PBXProject "CraftedMusicBox" */;
			compatibilityVersion = "Xcode 3.2";
			developmentRegion = English;
			hasScannedForEncodings = 0;
			knownRegions = (
				Base,
				en,
				ja,
			);
			mainGroup = 08883AC71956CC6A00F7EB68;
			productRefGroup = 08883AD11956CC6A00F7EB68 /* Products */;
			projectDirPath = "";
			projectRoot = "";
			targets = (
				08883ACF1956CC6A00F7EB68 /* CraftedMusicBox */,
				08883AF31956CC6A00F7EB68 /* CraftedMusicBoxTests */,
			);
		};
/* End PBXProject section */

/* Begin PBXResourcesBuildPhase section */
		08883ACE1956CC6A00F7EB68 /* Resources */ = {
			isa = PBXResourcesBuildPhase;
			buildActionMask = 2147483647;
			files = (
				08883AEF1956CC6A00F7EB68 /* Images.xcassets in Resources */,
				08289E1F1A2EACD800927D51 /* InfoPlist.strings in Resources */,
				08A52E2E1A381232008F86C2 /* MusicBox.aupreset in Resources */,
				08BE1EAA1A69FD5D00F69579 /* NADView_readme.txt in Resources */,
				08DA5C3A19DA500B00966772 /* sp-setofont.ttf in Resources */,
				087D29B61A37FADC00BCA9F5 /* LICENSE in Resources */,
				08A52E6C1A39C51C008F86C2 /* SVProgressHUD.bundle in Resources */,
				08A52E2B1A38121A008F86C2 /* Sounds in Resources */,
				08289E221A2EAD0F00927D51 /* LaunchScreen.xib in Resources */,
				08C2816E199D112C0037F6D0 /* MusicInfo.plist in Resources */,
				08289E201A2EACE200927D51 /* Localizable.strings in Resources */,
				08289E211A2EAD0100927D51 /* Main.storyboard in Resources */,
			);
			runOnlyForDeploymentPostprocessing = 0;
		};
		08883AF21956CC6A00F7EB68 /* Resources */ = {
			isa = PBXResourcesBuildPhase;
			buildActionMask = 2147483647;
			files = (
				0803C8E81A2DB77300FE8357 /* CraftedMusicBoxTests-InfoPlist.strings in Resources */,
			);
			runOnlyForDeploymentPostprocessing = 0;
		};
/* End PBXResourcesBuildPhase section */

/* Begin PBXSourcesBuildPhase section */
		08883ACC1956CC6A00F7EB68 /* Sources */ = {
			isa = PBXSourcesBuildPhase;
			buildActionMask = 2147483647;
			files = (
				086BA16619D0FDA400991574 /* CMBSongManageTableViewCell.m in Sources */,
				08A769E11972CA1900143638 /* CMBNoteData.m in Sources */,
				086BA16F19D2BA1B00991574 /* CMBSongHeaderData.m in Sources */,
				086BA16019D0401000991574 /* CMBSongConfigViewController.m in Sources */,
				08A52E6D1A39C51C008F86C2 /* SVProgressHUD.m in Sources */,
				08A769D71972992900143638 /* CMBMusicBoxTableViewCell.m in Sources */,
				08CC5E9019E2D19A0049AAD5 /* SWUtilityButtonTapGestureRecognizer.m in Sources */,
				086BA16C19D19F5700991574 /* NSMutableDictionary+CMBTools.m in Sources */,
				08A769DE1972C93000143638 /* CMBUtility.m in Sources */,
				0821D7F91A4FA75E0040EF9F /* CMBMusicBoxTableViewFootCell.m in Sources */,
				08883B1C1956D40600F7EB68 /* NSString+CMBTools.m in Sources */,
				0802C0871A2976F3000F0136 /* CMBMusicBoxTableViewHeadCell.m in Sources */,
				08883AE01956CC6A00F7EB68 /* main.m in Sources */,
				087D29B51A37FADC00BCA9F5 /* EPSSampler.m in Sources */,
				08883AE41956CC6A00F7EB68 /* CMBAppDelegate.m in Sources */,
				08CC5E2119DEADAF0049AAD5 /* UIColor+CMBTools.m in Sources */,
				0820BC1B1A7481CA00E405B3 /* Reachability.m in Sources */,
				08CC5DB519DC240A0049AAD5 /* CMBMusicBoxTableView.m in Sources */,
				08CC5E8D19E2D19A0049AAD5 /* SWCellScrollView.m in Sources */,
				08883B111956CFEF00F7EB68 /* CMBMusicBoxViewController.m in Sources */,
				08CC5E8C19E2D19A0049AAD5 /* NSMutableArray+SWUtilityButtons.m in Sources */,
				08A52E6B1A39C51C008F86C2 /* SVIndefiniteAnimatedView.m in Sources */,
				08CC5E6C19E14FF90049AAD5 /* NSURL+CMBTools.m in Sources */,
				086BA16319D0FA4E00991574 /* CMBSongManageViewController.m in Sources */,
				086BA16919D10C4B00991574 /* CMBBaseModalViewController.m in Sources */,
				08883B161956D03D00F7EB68 /* CMBTabViewController.m in Sources */,
				0820BC1E1A7E1C2300E405B3 /* CMBHelpViewController.m in Sources */,
				08A769DB1972A82D00143638 /* CMBSequenceOneData.m in Sources */,
				08CC5E9119E2D19A0049AAD5 /* SWUtilityButtonView.m in Sources */,
				087D29171A36A14C00BCA9F5 /* CMBAlertController.m in Sources */,
				08CC5E8F19E2D19A0049AAD5 /* SWTableViewCell.m in Sources */,
				08883B171956D03D00F7EB68 /* CMBBaseViewController.m in Sources */,
				08CC5E7D19E2C98D0049AAD5 /* CMBSoundManager.m in Sources */,
				08CC5E8E19E2D19A0049AAD5 /* SWLongPressGestureRecognizer.m in Sources */,
			);
			runOnlyForDeploymentPostprocessing = 0;
		};
		08883AF01956CC6A00F7EB68 /* Sources */ = {
			isa = PBXSourcesBuildPhase;
			buildActionMask = 2147483647;
			files = (
				08883B021956CC6A00F7EB68 /* CraftedMusicBoxTests.m in Sources */,
				08A769E31972D30900143638 /* CMBUtilityTests.m in Sources */,
			);
			runOnlyForDeploymentPostprocessing = 0;
		};
/* End PBXSourcesBuildPhase section */

/* Begin PBXTargetDependency section */
		08883AFA1956CC6A00F7EB68 /* PBXTargetDependency */ = {
			isa = PBXTargetDependency;
			target = 08883ACF1956CC6A00F7EB68 /* CraftedMusicBox */;
			targetProxy = 08883AF91956CC6A00F7EB68 /* PBXContainerItemProxy */;
		};
/* End PBXTargetDependency section */

/* Begin PBXVariantGroup section */
		0803C8C61A2D53A900FE8357 /* LaunchScreen.xib */ = {
			isa = PBXVariantGroup;
			children = (
				0803C8C71A2D53A900FE8357 /* Base */,
				08289E2D1A2EB08B00927D51 /* en */,
				08289E2E1A2EB08D00927D51 /* ja */,
			);
			name = LaunchScreen.xib;
			sourceTree = "<group>";
		};
		0803C8CF1A2D996300FE8357 /* InfoPlist.strings */ = {
			isa = PBXVariantGroup;
			children = (
				0803C8D01A2D996300FE8357 /* Base */,
				08289E2F1A2EB09600927D51 /* en */,
				08289E301A2EB0A600927D51 /* ja */,
			);
			name = InfoPlist.strings;
			sourceTree = "<group>";
		};
		0803C8E51A2DB77200FE8357 /* Localizable.strings */ = {
			isa = PBXVariantGroup;
			children = (
				0803C8EB1A2DBCB900FE8357 /* Base */,
				08289E311A2EB0B400927D51 /* en */,
				08289E321A2EB0B700927D51 /* ja */,
			);
			name = Localizable.strings;
			sourceTree = "<group>";
		};
		0803C8EA1A2DB77300FE8357 /* CraftedMusicBoxTests-InfoPlist.strings */ = {
			isa = PBXVariantGroup;
			children = (
				0803C8E91A2DB77300FE8357 /* ja */,
			);
			name = "CraftedMusicBoxTests-InfoPlist.strings";
			sourceTree = "<group>";
		};
		08883AE51956CC6A00F7EB68 /* Main.storyboard */ = {
			isa = PBXVariantGroup;
			children = (
				08883AE61956CC6A00F7EB68 /* Base */,
				08289E261A2EB02500927D51 /* en */,
				08289E341A2EB0F100927D51 /* ja */,
			);
			name = Main.storyboard;
			sourceTree = "<group>";
		};
/* End PBXVariantGroup section */

/* Begin XCBuildConfiguration section */
		08883B031956CC6A00F7EB68 /* Debug */ = {
			isa = XCBuildConfiguration;
			buildSettings = {
				ALWAYS_SEARCH_USER_PATHS = NO;
				CLANG_CXX_LANGUAGE_STANDARD = "gnu++0x";
				CLANG_CXX_LIBRARY = "libc++";
				CLANG_ENABLE_MODULES = YES;
				CLANG_ENABLE_OBJC_ARC = YES;
				CLANG_WARN_BOOL_CONVERSION = YES;
				CLANG_WARN_CONSTANT_CONVERSION = YES;
				CLANG_WARN_DIRECT_OBJC_ISA_USAGE = YES_ERROR;
				CLANG_WARN_EMPTY_BODY = YES;
				CLANG_WARN_ENUM_CONVERSION = YES;
				CLANG_WARN_INT_CONVERSION = YES;
				CLANG_WARN_OBJC_ROOT_CLASS = YES_ERROR;
				CLANG_WARN__DUPLICATE_METHOD_MATCH = YES;
				"CODE_SIGN_IDENTITY[sdk=iphoneos*]" = "iPhone Developer";
				COPY_PHASE_STRIP = NO;
				GCC_C_LANGUAGE_STANDARD = gnu99;
				GCC_DYNAMIC_NO_PIC = NO;
				GCC_OPTIMIZATION_LEVEL = 0;
				GCC_PREPROCESSOR_DEFINITIONS = (
					"DEBUG=1",
					"$(inherited)",
				);
				GCC_SYMBOLS_PRIVATE_EXTERN = NO;
				GCC_WARN_64_TO_32_BIT_CONVERSION = YES;
				GCC_WARN_ABOUT_RETURN_TYPE = YES_ERROR;
				GCC_WARN_UNDECLARED_SELECTOR = YES;
				GCC_WARN_UNINITIALIZED_AUTOS = YES_AGGRESSIVE;
				GCC_WARN_UNUSED_FUNCTION = YES;
				GCC_WARN_UNUSED_VARIABLE = YES;
				IPHONEOS_DEPLOYMENT_TARGET = 7.1;
				ONLY_ACTIVE_ARCH = YES;
				SDKROOT = iphoneos;
				TARGETED_DEVICE_FAMILY = "1,2";
			};
			name = Debug;
		};
		08883B041956CC6A00F7EB68 /* Release */ = {
			isa = XCBuildConfiguration;
			buildSettings = {
				ALWAYS_SEARCH_USER_PATHS = NO;
				CLANG_CXX_LANGUAGE_STANDARD = "gnu++0x";
				CLANG_CXX_LIBRARY = "libc++";
				CLANG_ENABLE_MODULES = YES;
				CLANG_ENABLE_OBJC_ARC = YES;
				CLANG_WARN_BOOL_CONVERSION = YES;
				CLANG_WARN_CONSTANT_CONVERSION = YES;
				CLANG_WARN_DIRECT_OBJC_ISA_USAGE = YES_ERROR;
				CLANG_WARN_EMPTY_BODY = YES;
				CLANG_WARN_ENUM_CONVERSION = YES;
				CLANG_WARN_INT_CONVERSION = YES;
				CLANG_WARN_OBJC_ROOT_CLASS = YES_ERROR;
				CLANG_WARN__DUPLICATE_METHOD_MATCH = YES;
				"CODE_SIGN_IDENTITY[sdk=iphoneos*]" = "iPhone Developer";
				COPY_PHASE_STRIP = YES;
				ENABLE_NS_ASSERTIONS = NO;
				GCC_C_LANGUAGE_STANDARD = gnu99;
				GCC_WARN_64_TO_32_BIT_CONVERSION = YES;
				GCC_WARN_ABOUT_RETURN_TYPE = YES_ERROR;
				GCC_WARN_UNDECLARED_SELECTOR = YES;
				GCC_WARN_UNINITIALIZED_AUTOS = YES_AGGRESSIVE;
				GCC_WARN_UNUSED_FUNCTION = YES;
				GCC_WARN_UNUSED_VARIABLE = YES;
				IPHONEOS_DEPLOYMENT_TARGET = 7.1;
				SDKROOT = iphoneos;
				TARGETED_DEVICE_FAMILY = "1,2";
				VALIDATE_PRODUCT = YES;
			};
			name = Release;
		};
		08883B061956CC6A00F7EB68 /* Debug */ = {
			isa = XCBuildConfiguration;
			buildSettings = {
				ASSETCATALOG_COMPILER_APPICON_NAME = AppIcon;
				ASSETCATALOG_COMPILER_LAUNCHIMAGE_NAME = LaunchImage;
				CODE_SIGN_IDENTITY = "iPhone Developer: Hidetaka Matsumoto (RHWDK7JP52)";
				"CODE_SIGN_IDENTITY[sdk=iphoneos*]" = "iPhone Developer: Hidetaka Matsumoto (RHWDK7JP52)";
				FRAMEWORK_SEARCH_PATHS = (
					"$(inherited)",
					"$(PROJECT_DIR)/Libraries/imobile_for_SP_app_iOS_SDK/lib",
				);
				GCC_PRECOMPILE_PREFIX_HEADER = YES;
				GCC_PREFIX_HEADER = "CraftedMusicBox/CraftedMusicBox-Prefix.pch";
				HEADER_SEARCH_PATHS = (
					"$(inherited)",
					/Applications/Xcode.app/Contents/Developer/Toolchains/XcodeDefault.xctoolchain/usr/include,
					"$(SRCROOT)/Libraries/BlocksKit/include",
				);
				INFOPLIST_FILE = "CraftedMusicBox/CraftedMusicBox-Info.plist";
				IPHONEOS_DEPLOYMENT_TARGET = 7.0;
				LIBRARY_SEARCH_PATHS = (
					"$(inherited)",
					"$(USER_LIBRARY_DIR)/Developer/Xcode/DerivedData/BlocksKit-aleqhgccmctiqafscpnlasocrwqr/Build/Intermediates/ArchiveIntermediates/BlocksKit",
					iOS/IntermediateBuildFilesPath/UninstalledProducts,
					"$(PROJECT_DIR)/Libraries/BlocksKit",
					"$(PROJECT_DIR)/Libraries/GoogleMobileAdsSdkiOS-6.12.2",
					"$(PROJECT_DIR)/Libraries/NendSDK_iOS/AdMobMediationAdapter",
					"$(PROJECT_DIR)/Libraries/NendSDK_iOS/Nend/NendAd",
					"$(PROJECT_DIR)/Libraries/GoogleMobileAdsSdkiOS",
					"$(PROJECT_DIR)/Libraries/imobile_for_SP_app_iOS_SDK/lib",
				);
				OTHER_LDFLAGS = (
					"-ObjC",
					"-all_load",
				);
				PRODUCT_NAME = "$(TARGET_NAME)";
				PROVISIONING_PROFILE = "89a322f8-e7c2-42eb-8e13-c55fbf24eb78";
				WRAPPER_EXTENSION = app;
			};
			name = Debug;
		};
		08883B071956CC6A00F7EB68 /* Release */ = {
			isa = XCBuildConfiguration;
			buildSettings = {
				ASSETCATALOG_COMPILER_APPICON_NAME = AppIcon;
				ASSETCATALOG_COMPILER_LAUNCHIMAGE_NAME = LaunchImage;
				CODE_SIGN_IDENTITY = "iPhone Distribution: Hidetaka Matsumoto (7JDKPK4524)";
				"CODE_SIGN_IDENTITY[sdk=iphoneos*]" = "iPhone Distribution: Hidetaka Matsumoto (7JDKPK4524)";
				FRAMEWORK_SEARCH_PATHS = (
					"$(inherited)",
					"$(PROJECT_DIR)/Libraries/imobile_for_SP_app_iOS_SDK/lib",
				);
				GCC_PRECOMPILE_PREFIX_HEADER = YES;
				GCC_PREFIX_HEADER = "CraftedMusicBox/CraftedMusicBox-Prefix.pch";
				HEADER_SEARCH_PATHS = (
					"$(inherited)",
					/Applications/Xcode.app/Contents/Developer/Toolchains/XcodeDefault.xctoolchain/usr/include,
					"$(SRCROOT)/Libraries/BlocksKit/include",
				);
				INFOPLIST_FILE = "CraftedMusicBox/CraftedMusicBox-Info.plist";
				IPHONEOS_DEPLOYMENT_TARGET = 7.0;
				LIBRARY_SEARCH_PATHS = (
					"$(inherited)",
					"$(USER_LIBRARY_DIR)/Developer/Xcode/DerivedData/BlocksKit-aleqhgccmctiqafscpnlasocrwqr/Build/Intermediates/ArchiveIntermediates/BlocksKit",
					iOS/IntermediateBuildFilesPath/UninstalledProducts,
					"$(PROJECT_DIR)/Libraries/BlocksKit",
					"$(PROJECT_DIR)/Libraries/GoogleMobileAdsSdkiOS-6.12.2",
					"$(PROJECT_DIR)/Libraries/NendSDK_iOS/AdMobMediationAdapter",
					"$(PROJECT_DIR)/Libraries/NendSDK_iOS/Nend/NendAd",
					"$(PROJECT_DIR)/Libraries/GoogleMobileAdsSdkiOS",
					"$(PROJECT_DIR)/Libraries/imobile_for_SP_app_iOS_SDK/lib",
				);
				OTHER_LDFLAGS = (
					"-ObjC",
					"-all_load",
				);
				PRODUCT_NAME = "$(TARGET_NAME)";
				PROVISIONING_PROFILE = "6c377b2d-847c-4e4b-8541-a8699d0c32a9";
				WRAPPER_EXTENSION = app;
			};
			name = Release;
		};
		08883B091956CC6A00F7EB68 /* Debug */ = {
			isa = XCBuildConfiguration;
			buildSettings = {
				BUNDLE_LOADER = "$(BUILT_PRODUCTS_DIR)/CraftedMusicBox.app/CraftedMusicBox";
				FRAMEWORK_SEARCH_PATHS = (
					"$(SDKROOT)/Developer/Library/Frameworks",
					"$(inherited)",
					"$(DEVELOPER_FRAMEWORKS_DIR)",
				);
				GCC_PRECOMPILE_PREFIX_HEADER = YES;
				GCC_PREFIX_HEADER = "CraftedMusicBox/CraftedMusicBox-Prefix.pch";
				GCC_PREPROCESSOR_DEFINITIONS = (
					"DEBUG=1",
					"$(inherited)",
				);
				INFOPLIST_FILE = "CraftedMusicBoxTests/CraftedMusicBoxTests-Info.plist";
				PRODUCT_NAME = "$(TARGET_NAME)";
				TEST_HOST = "$(BUNDLE_LOADER)";
				WRAPPER_EXTENSION = xctest;
			};
			name = Debug;
		};
		08883B0A1956CC6A00F7EB68 /* Release */ = {
			isa = XCBuildConfiguration;
			buildSettings = {
				BUNDLE_LOADER = "$(BUILT_PRODUCTS_DIR)/CraftedMusicBox.app/CraftedMusicBox";
				FRAMEWORK_SEARCH_PATHS = (
					"$(SDKROOT)/Developer/Library/Frameworks",
					"$(inherited)",
					"$(DEVELOPER_FRAMEWORKS_DIR)",
				);
				GCC_PRECOMPILE_PREFIX_HEADER = YES;
				GCC_PREFIX_HEADER = "CraftedMusicBox/CraftedMusicBox-Prefix.pch";
				INFOPLIST_FILE = "CraftedMusicBoxTests/CraftedMusicBoxTests-Info.plist";
				PRODUCT_NAME = "$(TARGET_NAME)";
				TEST_HOST = "$(BUNDLE_LOADER)";
				WRAPPER_EXTENSION = xctest;
			};
			name = Release;
		};
/* End XCBuildConfiguration section */

/* Begin XCConfigurationList section */
		08883ACB1956CC6A00F7EB68 /* Build configuration list for PBXProject "CraftedMusicBox" */ = {
			isa = XCConfigurationList;
			buildConfigurations = (
				08883B031956CC6A00F7EB68 /* Debug */,
				08883B041956CC6A00F7EB68 /* Release */,
			);
			defaultConfigurationIsVisible = 0;
			defaultConfigurationName = Release;
		};
		08883B051956CC6A00F7EB68 /* Build configuration list for PBXNativeTarget "CraftedMusicBox" */ = {
			isa = XCConfigurationList;
			buildConfigurations = (
				08883B061956CC6A00F7EB68 /* Debug */,
				08883B071956CC6A00F7EB68 /* Release */,
			);
			defaultConfigurationIsVisible = 0;
			defaultConfigurationName = Release;
		};
		08883B081956CC6A00F7EB68 /* Build configuration list for PBXNativeTarget "CraftedMusicBoxTests" */ = {
			isa = XCConfigurationList;
			buildConfigurations = (
				08883B091956CC6A00F7EB68 /* Debug */,
				08883B0A1956CC6A00F7EB68 /* Release */,
			);
			defaultConfigurationIsVisible = 0;
			defaultConfigurationName = Release;
		};
/* End XCConfigurationList section */
	};
	rootObject = 08883AC81956CC6A00F7EB68 /* Project object */;
}
